// !$*UTF8*$!
{
	archiveVersion = 1;
	classes = {
	};
	objectVersion = 46;
	objects = {

/* Begin PBXBuildFile section */
		FD01F7EA1818FD4A00EBD3DB /* Foundation.framework in Frameworks */ = {isa = PBXBuildFile; fileRef = FD01F7E91818FD4A00EBD3DB /* Foundation.framework */; };
		FD01F7EC1818FD4A00EBD3DB /* CoreGraphics.framework in Frameworks */ = {isa = PBXBuildFile; fileRef = FD01F7EB1818FD4A00EBD3DB /* CoreGraphics.framework */; };
		FD01F7EE1818FD4A00EBD3DB /* UIKit.framework in Frameworks */ = {isa = PBXBuildFile; fileRef = FD01F7ED1818FD4A00EBD3DB /* UIKit.framework */; };
		FD01F7F41818FD4A00EBD3DB /* InfoPlist.strings in Resources */ = {isa = PBXBuildFile; fileRef = FD01F7F21818FD4A00EBD3DB /* InfoPlist.strings */; };
		FD01F7F61818FD4B00EBD3DB /* main.m in Sources */ = {isa = PBXBuildFile; fileRef = FD01F7F51818FD4A00EBD3DB /* main.m */; };
		FD01F7FA1818FD4B00EBD3DB /* AppDelegate.m in Sources */ = {isa = PBXBuildFile; fileRef = FD01F7F91818FD4B00EBD3DB /* AppDelegate.m */; };
		FD01F7FC1818FD4B00EBD3DB /* Images.xcassets in Resources */ = {isa = PBXBuildFile; fileRef = FD01F7FB1818FD4B00EBD3DB /* Images.xcassets */; };
		FD01F8031818FD4B00EBD3DB /* XCTest.framework in Frameworks */ = {isa = PBXBuildFile; fileRef = FD01F8021818FD4B00EBD3DB /* XCTest.framework */; };
		FD01F8041818FD4B00EBD3DB /* Foundation.framework in Frameworks */ = {isa = PBXBuildFile; fileRef = FD01F7E91818FD4A00EBD3DB /* Foundation.framework */; };
		FD01F8051818FD4B00EBD3DB /* UIKit.framework in Frameworks */ = {isa = PBXBuildFile; fileRef = FD01F7ED1818FD4A00EBD3DB /* UIKit.framework */; };
		FD01F80D1818FD4B00EBD3DB /* InfoPlist.strings in Resources */ = {isa = PBXBuildFile; fileRef = FD01F80B1818FD4B00EBD3DB /* InfoPlist.strings */; };
		FD01F80F1818FD4B00EBD3DB /* HakamyTests.m in Sources */ = {isa = PBXBuildFile; fileRef = FD01F80E1818FD4B00EBD3DB /* HakamyTests.m */; };
		FD23568C182164D100887BFF /* SosialCell.m in Sources */ = {isa = PBXBuildFile; fileRef = FD23568B182164D100887BFF /* SosialCell.m */; };
		FD23568E182164EA00887BFF /* SosialCell.xib in Resources */ = {isa = PBXBuildFile; fileRef = FD23568D182164EA00887BFF /* SosialCell.xib */; };
		FD2356921821870800887BFF /* WebviewFollow.m in Sources */ = {isa = PBXBuildFile; fileRef = FD2356901821870800887BFF /* WebviewFollow.m */; };
		FD2356931821870800887BFF /* WebviewFollow.xib in Resources */ = {isa = PBXBuildFile; fileRef = FD2356911821870800887BFF /* WebviewFollow.xib */; };
		FD2356A018218BF700887BFF /* AudioButton.m in Sources */ = {isa = PBXBuildFile; fileRef = FD23569618218BF700887BFF /* AudioButton.m */; settings = {COMPILER_FLAGS = "-fno-objc-arc"; }; };
		FD2356A118218BF700887BFF /* AudioPlayer.m in Sources */ = {isa = PBXBuildFile; fileRef = FD23569818218BF700887BFF /* AudioPlayer.m */; settings = {COMPILER_FLAGS = "-fno-objc-arc"; }; };
		FD2356A218218BF700887BFF /* AudioStreamer.m in Sources */ = {isa = PBXBuildFile; fileRef = FD23569A18218BF700887BFF /* AudioStreamer.m */; settings = {COMPILER_FLAGS = "-fno-objc-arc"; }; };
		FD2356A318218BF700887BFF /* loading.png in Resources */ = {isa = PBXBuildFile; fileRef = FD23569C18218BF700887BFF /* loading.png */; };
		FD2356A418218BF700887BFF /* play.png in Resources */ = {isa = PBXBuildFile; fileRef = FD23569D18218BF700887BFF /* play.png */; };
		FD2356A518218BF700887BFF /* screenshots.png in Resources */ = {isa = PBXBuildFile; fileRef = FD23569E18218BF700887BFF /* screenshots.png */; };
		FD2356A618218BF700887BFF /* stop.png in Resources */ = {isa = PBXBuildFile; fileRef = FD23569F18218BF700887BFF /* stop.png */; };
		FD2356AD1822AE5200887BFF /* Detailyoutube.m in Sources */ = {isa = PBXBuildFile; fileRef = FD2356AB1822AE5200887BFF /* Detailyoutube.m */; };
		FD2356AE1822AE5200887BFF /* Detailyoutube.xib in Resources */ = {isa = PBXBuildFile; fileRef = FD2356AC1822AE5200887BFF /* Detailyoutube.xib */; };
		FD2356B21822B2FE00887BFF /* DetailInstagram.m in Sources */ = {isa = PBXBuildFile; fileRef = FD2356B01822B2FE00887BFF /* DetailInstagram.m */; };
		FD2356B31822B2FE00887BFF /* DetailInstagram.xib in Resources */ = {isa = PBXBuildFile; fileRef = FD2356B11822B2FE00887BFF /* DetailInstagram.xib */; };
		FD2356B91822B81F00887BFF /* MJPopupBackgroundView.m in Sources */ = {isa = PBXBuildFile; fileRef = FD2356B61822B81F00887BFF /* MJPopupBackgroundView.m */; };
		FD2356BA1822B81F00887BFF /* UIViewController+MJPopupViewController.m in Sources */ = {isa = PBXBuildFile; fileRef = FD2356B81822B81F00887BFF /* UIViewController+MJPopupViewController.m */; };
		FD37142E18196C8400427858 /* HomeViewController.m in Sources */ = {isa = PBXBuildFile; fileRef = FD37142C18196C8400427858 /* HomeViewController.m */; };
		FD37142F18196C8400427858 /* HomeViewController.xib in Resources */ = {isa = PBXBuildFile; fileRef = FD37142D18196C8400427858 /* HomeViewController.xib */; };
		FD37143818196D5B00427858 /* RssViewController.m in Sources */ = {isa = PBXBuildFile; fileRef = FD37143618196D5B00427858 /* RssViewController.m */; };
		FD37143918196D5B00427858 /* RssViewController.xib in Resources */ = {isa = PBXBuildFile; fileRef = FD37143718196D5B00427858 /* RssViewController.xib */; };
		FD37143D18196D7200427858 /* MediaViewController.m in Sources */ = {isa = PBXBuildFile; fileRef = FD37143B18196D7200427858 /* MediaViewController.m */; };
		FD37143E18196D7200427858 /* MediaViewController.xib in Resources */ = {isa = PBXBuildFile; fileRef = FD37143C18196D7200427858 /* MediaViewController.xib */; };
		FD37144218196D8E00427858 /* InstagramViewController.m in Sources */ = {isa = PBXBuildFile; fileRef = FD37144018196D8E00427858 /* InstagramViewController.m */; };
		FD37144318196D8E00427858 /* InstagramViewController.xib in Resources */ = {isa = PBXBuildFile; fileRef = FD37144118196D8E00427858 /* InstagramViewController.xib */; };
		FD37144718196DAD00427858 /* YoutubeViewController.m in Sources */ = {isa = PBXBuildFile; fileRef = FD37144518196DAD00427858 /* YoutubeViewController.m */; };
		FD37144818196DAD00427858 /* YoutubeViewController.xib in Resources */ = {isa = PBXBuildFile; fileRef = FD37144618196DAD00427858 /* YoutubeViewController.xib */; };
		FD37144C18196DC400427858 /* FacebookViewController.m in Sources */ = {isa = PBXBuildFile; fileRef = FD37144A18196DC400427858 /* FacebookViewController.m */; };
		FD37144D18196DC400427858 /* FacebookViewController.xib in Resources */ = {isa = PBXBuildFile; fileRef = FD37144B18196DC400427858 /* FacebookViewController.xib */; };
		FD37146A1819726600427858 /* FacingView.m in Sources */ = {isa = PBXBuildFile; fileRef = FD3714511819726600427858 /* FacingView.m */; };
		FD37146B1819726600427858 /* FoldView.m in Sources */ = {isa = PBXBuildFile; fileRef = FD3714531819726600427858 /* FoldView.m */; settings = {COMPILER_FLAGS = "-fno-objc-arc"; }; };
		FD37146C1819726600427858 /* MultiFoldView.m in Sources */ = {isa = PBXBuildFile; fileRef = FD3714551819726600427858 /* MultiFoldView.m */; };
		FD37146D1819726600427858 /* PaperFoldNavigationController.m in Sources */ = {isa = PBXBuildFile; fileRef = FD3714581819726600427858 /* PaperFoldNavigationController.m */; };
		FD37146E1819726600427858 /* PaperFoldResources.bundle in Resources */ = {isa = PBXBuildFile; fileRef = FD3714591819726600427858 /* PaperFoldResources.bundle */; };
		FD37146F1819726600427858 /* PaperFoldSwipeHintView.m in Sources */ = {isa = PBXBuildFile; fileRef = FD37145B1819726600427858 /* PaperFoldSwipeHintView.m */; };
		FD3714701819726600427858 /* PaperFoldView.m in Sources */ = {isa = PBXBuildFile; fileRef = FD37145D1819726600427858 /* PaperFoldView.m */; };
		FD3714711819726600427858 /* swipe_guide.psd in Resources */ = {isa = PBXBuildFile; fileRef = FD37145F1819726600427858 /* swipe_guide.psd */; };
		FD3714721819726600427858 /* swipe_guide2.psd in Resources */ = {isa = PBXBuildFile; fileRef = FD3714601819726600427858 /* swipe_guide2.psd */; };
		FD3714731819726600427858 /* ShadowView.m in Sources */ = {isa = PBXBuildFile; fileRef = FD3714621819726600427858 /* ShadowView.m */; };
		FD3714741819726600427858 /* TouchThroughUIView.m in Sources */ = {isa = PBXBuildFile; fileRef = FD3714641819726600427858 /* TouchThroughUIView.m */; };
		FD3714751819726600427858 /* UIView+Screenshot.m in Sources */ = {isa = PBXBuildFile; fileRef = FD3714661819726600427858 /* UIView+Screenshot.m */; };
		FD3714761819726600427858 /* PaperFoldMenuController.m in Sources */ = {isa = PBXBuildFile; fileRef = FD3714681819726600427858 /* PaperFoldMenuController.m */; };
		FD37147B181979A100427858 /* MenuViewController.m in Sources */ = {isa = PBXBuildFile; fileRef = FD371479181979A100427858 /* MenuViewController.m */; };
		FD37147C181979A100427858 /* MenuViewController.xib in Resources */ = {isa = PBXBuildFile; fileRef = FD37147A181979A100427858 /* MenuViewController.xib */; };
		FD5C6472181E0F6300314C56 /* CellRssCustom.m in Sources */ = {isa = PBXBuildFile; fileRef = FD5C6471181E0F6300314C56 /* CellRssCustom.m */; };
		FD5C6474181E0F8700314C56 /* CellRssCustom.xib in Resources */ = {isa = PBXBuildFile; fileRef = FD5C6473181E0F8700314C56 /* CellRssCustom.xib */; };
		FD5C648F181E18FA00314C56 /* NSObject+SBJson.m in Sources */ = {isa = PBXBuildFile; fileRef = FD5C6477181E18FA00314C56 /* NSObject+SBJson.m */; };
		FD5C6490181E18FA00314C56 /* SBJsonParser.m in Sources */ = {isa = PBXBuildFile; fileRef = FD5C647A181E18FA00314C56 /* SBJsonParser.m */; };
		FD5C6491181E18FA00314C56 /* SBJsonStreamParser.m in Sources */ = {isa = PBXBuildFile; fileRef = FD5C647C181E18FA00314C56 /* SBJsonStreamParser.m */; };
		FD5C6492181E18FA00314C56 /* SBJsonStreamParserAccumulator.m in Sources */ = {isa = PBXBuildFile; fileRef = FD5C647E181E18FA00314C56 /* SBJsonStreamParserAccumulator.m */; };
		FD5C6493181E18FA00314C56 /* SBJsonStreamParserAdapter.m in Sources */ = {isa = PBXBuildFile; fileRef = FD5C6480181E18FA00314C56 /* SBJsonStreamParserAdapter.m */; };
		FD5C6494181E18FA00314C56 /* SBJsonStreamParserState.m in Sources */ = {isa = PBXBuildFile; fileRef = FD5C6482181E18FA00314C56 /* SBJsonStreamParserState.m */; };
		FD5C6495181E18FA00314C56 /* SBJsonStreamWriter.m in Sources */ = {isa = PBXBuildFile; fileRef = FD5C6484181E18FA00314C56 /* SBJsonStreamWriter.m */; };
		FD5C6496181E18FA00314C56 /* SBJsonStreamWriterAccumulator.m in Sources */ = {isa = PBXBuildFile; fileRef = FD5C6486181E18FA00314C56 /* SBJsonStreamWriterAccumulator.m */; };
		FD5C6497181E18FA00314C56 /* SBJsonStreamWriterState.m in Sources */ = {isa = PBXBuildFile; fileRef = FD5C6488181E18FA00314C56 /* SBJsonStreamWriterState.m */; };
		FD5C6498181E18FA00314C56 /* SBJsonTokeniser.m in Sources */ = {isa = PBXBuildFile; fileRef = FD5C648A181E18FA00314C56 /* SBJsonTokeniser.m */; };
		FD5C6499181E18FA00314C56 /* SBJsonUTF8Stream.m in Sources */ = {isa = PBXBuildFile; fileRef = FD5C648C181E18FA00314C56 /* SBJsonUTF8Stream.m */; };
		FD5C649A181E18FA00314C56 /* SBJsonWriter.m in Sources */ = {isa = PBXBuildFile; fileRef = FD5C648E181E18FA00314C56 /* SBJsonWriter.m */; };
		FD5C649D181E233100314C56 /* RssModel.m in Sources */ = {isa = PBXBuildFile; fileRef = FD5C649C181E233100314C56 /* RssModel.m */; };
		FD5C64A0181E236300314C56 /* MediaModel.m in Sources */ = {isa = PBXBuildFile; fileRef = FD5C649F181E236300314C56 /* MediaModel.m */; };
		FD5C64A3181E419300314C56 /* IntagramModel.m in Sources */ = {isa = PBXBuildFile; fileRef = FD5C64A2181E419300314C56 /* IntagramModel.m */; };
		FD5C64A6181E41AB00314C56 /* YoutubeModel.m in Sources */ = {isa = PBXBuildFile; fileRef = FD5C64A5181E41AB00314C56 /* YoutubeModel.m */; };
		FD5C64AA181E428B00314C56 /* DejalActivityView.m in Sources */ = {isa = PBXBuildFile; fileRef = FD5C64A9181E428B00314C56 /* DejalActivityView.m */; };
		FD5C64AD181E4B4100314C56 /* CellMedia.m in Sources */ = {isa = PBXBuildFile; fileRef = FD5C64AC181E4B4100314C56 /* CellMedia.m */; };
		FD5C64AF181E4B8800314C56 /* CellMedia.xib in Resources */ = {isa = PBXBuildFile; fileRef = FD5C64AE181E4B8800314C56 /* CellMedia.xib */; };
		FD5C64CE181E5BB000314C56 /* CFNetwork.framework in Frameworks */ = {isa = PBXBuildFile; fileRef = FD5C64CD181E5BB000314C56 /* CFNetwork.framework */; };
		FD5C64D0181E5BCE00314C56 /* SystemConfiguration.framework in Frameworks */ = {isa = PBXBuildFile; fileRef = FD5C64CF181E5BCE00314C56 /* SystemConfiguration.framework */; };
		FD5C64D2181E5BEA00314C56 /* StoreKit.framework in Frameworks */ = {isa = PBXBuildFile; fileRef = FD5C64D1181E5BEA00314C56 /* StoreKit.framework */; };
		FD5C64D4181E5C7700314C56 /* Security.framework in Frameworks */ = {isa = PBXBuildFile; fileRef = FD5C64D3181E5C7700314C56 /* Security.framework */; };
		FD5C64D6181E5C8000314C56 /* QuartzCore.framework in Frameworks */ = {isa = PBXBuildFile; fileRef = FD5C64D5181E5C8000314C56 /* QuartzCore.framework */; };
		FD5C64D8181E5C8800314C56 /* MediaToolbox.framework in Frameworks */ = {isa = PBXBuildFile; fileRef = FD5C64D7181E5C8800314C56 /* MediaToolbox.framework */; };
		FD5C64DA181E5CAB00314C56 /* libz.dylib in Frameworks */ = {isa = PBXBuildFile; fileRef = FD5C64D9181E5CAB00314C56 /* libz.dylib */; };
		FD5C64DD181E6B9400314C56 /* InstagramCell.m in Sources */ = {isa = PBXBuildFile; fileRef = FD5C64DC181E6B9400314C56 /* InstagramCell.m */; };
		FD5C64DF181E6BAC00314C56 /* InstagramCell.xib in Resources */ = {isa = PBXBuildFile; fileRef = FD5C64DE181E6BAC00314C56 /* InstagramCell.xib */; };
		FDDD47F2181AC770004CB48E /* bg_home.png in Resources */ = {isa = PBXBuildFile; fileRef = FDDD47E9181AC770004CB48E /* bg_home.png */; };
		FDDD47F3181AC770004CB48E /* btn_menu.png in Resources */ = {isa = PBXBuildFile; fileRef = FDDD47EA181AC770004CB48E /* btn_menu.png */; };
		FDDD47F4181AC770004CB48E /* btn_social_fb.jpg in Resources */ = {isa = PBXBuildFile; fileRef = FDDD47EB181AC770004CB48E /* btn_social_fb.jpg */; };
		FDDD47F5181AC770004CB48E /* btn_social_fb.png in Resources */ = {isa = PBXBuildFile; fileRef = FDDD47EC181AC770004CB48E /* btn_social_fb.png */; };
		FDDD47F6181AC770004CB48E /* btn_social_insta.jpg in Resources */ = {isa = PBXBuildFile; fileRef = FDDD47ED181AC770004CB48E /* btn_social_insta.jpg */; };
		FDDD47F7181AC770004CB48E /* btn_social_insta.png in Resources */ = {isa = PBXBuildFile; fileRef = FDDD47EE181AC770004CB48E /* btn_social_insta.png */; };
		FDDD47F8181AC770004CB48E /* btn_social_tw.jpg in Resources */ = {isa = PBXBuildFile; fileRef = FDDD47EF181AC770004CB48E /* btn_social_tw.jpg */; };
		FDDD47F9181AC770004CB48E /* btn_social_tw.png in Resources */ = {isa = PBXBuildFile; fileRef = FDDD47F0181AC770004CB48E /* btn_social_tw.png */; };
		FDDD47FA181AC770004CB48E /* btn_social_youtube.png in Resources */ = {isa = PBXBuildFile; fileRef = FDDD47F1181AC770004CB48E /* btn_social_youtube.png */; };
		FDDD4801181ACDFC004CB48E /* bg_menu.png in Resources */ = {isa = PBXBuildFile; fileRef = FDDD47FB181ACDFC004CB48E /* bg_menu.png */; };
		FDDD4802181ACDFC004CB48E /* btn_menu_ft.png in Resources */ = {isa = PBXBuildFile; fileRef = FDDD47FC181ACDFC004CB48E /* btn_menu_ft.png */; };
		FDDD4803181ACDFC004CB48E /* btn_menu_insta.png in Resources */ = {isa = PBXBuildFile; fileRef = FDDD47FD181ACDFC004CB48E /* btn_menu_insta.png */; };
		FDDD4804181ACDFC004CB48E /* btn_menu_music.png in Resources */ = {isa = PBXBuildFile; fileRef = FDDD47FE181ACDFC004CB48E /* btn_menu_music.png */; };
		FDDD4805181ACDFC004CB48E /* btn_menu_rss.png in Resources */ = {isa = PBXBuildFile; fileRef = FDDD47FF181ACDFC004CB48E /* btn_menu_rss.png */; };
		FDDD4806181ACDFC004CB48E /* btn_menu_youtube.png in Resources */ = {isa = PBXBuildFile; fileRef = FDDD4800181ACDFC004CB48E /* btn_menu_youtube.png */; };
		FDF6CA8B1820AE14007CF704 /* YoutubeCell.m in Sources */ = {isa = PBXBuildFile; fileRef = FDF6CA8A1820AE14007CF704 /* YoutubeCell.m */; };
		FDF6CA8D1820AE2D007CF704 /* YoutubeCell.xib in Resources */ = {isa = PBXBuildFile; fileRef = FDF6CA8C1820AE2D007CF704 /* YoutubeCell.xib */; };
		FDF6CA901820C540007CF704 /* TwitterModel.m in Sources */ = {isa = PBXBuildFile; fileRef = FDF6CA8F1820C540007CF704 /* TwitterModel.m */; };
		FDF6CA931820C555007CF704 /* FacebookModel.m in Sources */ = {isa = PBXBuildFile; fileRef = FDF6CA921820C555007CF704 /* FacebookModel.m */; };
		FDFFB370181B61EF004A8351 /* bg_border_thumbnail_news.png in Resources */ = {isa = PBXBuildFile; fileRef = FDFFB358181B61EF004A8351 /* bg_border_thumbnail_news.png */; };
		FDFFB371181B61EF004A8351 /* bg_border_thumbnail_songs.png in Resources */ = {isa = PBXBuildFile; fileRef = FDFFB359181B61EF004A8351 /* bg_border_thumbnail_songs.png */; };
		FDFFB372181B61EF004A8351 /* bg_cell_ft_f.png in Resources */ = {isa = PBXBuildFile; fileRef = FDFFB35A181B61EF004A8351 /* bg_cell_ft_f.png */; };
		FDFFB373181B61EF004A8351 /* bg_cell_lastestnews.png in Resources */ = {isa = PBXBuildFile; fileRef = FDFFB35B181B61EF004A8351 /* bg_cell_lastestnews.png */; };
		FDFFB374181B61EF004A8351 /* bg_cell_songs.png in Resources */ = {isa = PBXBuildFile; fileRef = FDFFB35C181B61EF004A8351 /* bg_cell_songs.png */; };
		FDFFB375181B61EF004A8351 /* bg_cell_youtube.png in Resources */ = {isa = PBXBuildFile; fileRef = FDFFB35D181B61EF004A8351 /* bg_cell_youtube.png */; };
		FDFFB376181B61EF004A8351 /* bg_inner_shadow.png in Resources */ = {isa = PBXBuildFile; fileRef = FDFFB35E181B61EF004A8351 /* bg_inner_shadow.png */; };
		FDFFB377181B61EF004A8351 /* bg_others.png in Resources */ = {isa = PBXBuildFile; fileRef = FDFFB35F181B61EF004A8351 /* bg_others.png */; };
		FDFFB378181B61EF004A8351 /* bg_page_tittle_ft.png in Resources */ = {isa = PBXBuildFile; fileRef = FDFFB360181B61EF004A8351 /* bg_page_tittle_ft.png */; };
		FDFFB379181B61EF004A8351 /* bg_page_tittle_insta.png in Resources */ = {isa = PBXBuildFile; fileRef = FDFFB361181B61EF004A8351 /* bg_page_tittle_insta.png */; };
		FDFFB37A181B61EF004A8351 /* bg_page_tittle_news.png in Resources */ = {isa = PBXBuildFile; fileRef = FDFFB362181B61EF004A8351 /* bg_page_tittle_news.png */; };
		FDFFB37B181B61EF004A8351 /* bg_page_tittle_songs.png in Resources */ = {isa = PBXBuildFile; fileRef = FDFFB363181B61EF004A8351 /* bg_page_tittle_songs.png */; };
		FDFFB37C181B61EF004A8351 /* bg_page_tittle_youtube.png in Resources */ = {isa = PBXBuildFile; fileRef = FDFFB364181B61EF004A8351 /* bg_page_tittle_youtube.png */; };
		FDFFB37D181B61EF004A8351 /* bg_thumbnail_insta.png in Resources */ = {isa = PBXBuildFile; fileRef = FDFFB365181B61EF004A8351 /* bg_thumbnail_insta.png */; };
		FDFFB37E181B61EF004A8351 /* bg_thumbnail_youtube.png in Resources */ = {isa = PBXBuildFile; fileRef = FDFFB366181B61EF004A8351 /* bg_thumbnail_youtube.png */; };
		FDFFB37F181B61EF004A8351 /* bg_webviews.png in Resources */ = {isa = PBXBuildFile; fileRef = FDFFB367181B61EF004A8351 /* bg_webviews.png */; };
		FDFFB380181B61EF004A8351 /* btn_comment.png in Resources */ = {isa = PBXBuildFile; fileRef = FDFFB368181B61EF004A8351 /* btn_comment.png */; };
		FDFFB381181B61EF004A8351 /* btn_play.png in Resources */ = {isa = PBXBuildFile; fileRef = FDFFB369181B61EF004A8351 /* btn_play.png */; };
		FDFFB382181B61EF004A8351 /* btn_readmore.png in Resources */ = {isa = PBXBuildFile; fileRef = FDFFB36A181B61EF004A8351 /* btn_readmore.png */; };
		FDFFB383181B61EF004A8351 /* btn_share.png in Resources */ = {isa = PBXBuildFile; fileRef = FDFFB36B181B61EF004A8351 /* btn_share.png */; };
		FDFFB385181B61EF004A8351 /* thumbnail_twitter.png in Resources */ = {isa = PBXBuildFile; fileRef = FDFFB36D181B61EF004A8351 /* thumbnail_twitter.png */; };
		FDFFB386181B61EF004A8351 /* thumbnail1.png in Resources */ = {isa = PBXBuildFile; fileRef = FDFFB36E181B61EF004A8351 /* thumbnail1.png */; };
		FDFFB387181B61EF004A8351 /* thumbnail2.png in Resources */ = {isa = PBXBuildFile; fileRef = FDFFB36F181B61EF004A8351 /* thumbnail2.png */; };
/* End PBXBuildFile section */

/* Begin PBXContainerItemProxy section */
		FD01F8061818FD4B00EBD3DB /* PBXContainerItemProxy */ = {
			isa = PBXContainerItemProxy;
			containerPortal = FD01F7DE1818FD4A00EBD3DB /* Project object */;
			proxyType = 1;
			remoteGlobalIDString = FD01F7E51818FD4A00EBD3DB;
			remoteInfo = Hakamy;
		};
/* End PBXContainerItemProxy section */

/* Begin PBXFileReference section */
		FD01F7E61818FD4A00EBD3DB /* Hakamy.app */ = {isa = PBXFileReference; explicitFileType = wrapper.application; includeInIndex = 0; path = Hakamy.app; sourceTree = BUILT_PRODUCTS_DIR; };
		FD01F7E91818FD4A00EBD3DB /* Foundation.framework */ = {isa = PBXFileReference; lastKnownFileType = wrapper.framework; name = Foundation.framework; path = System/Library/Frameworks/Foundation.framework; sourceTree = SDKROOT; };
		FD01F7EB1818FD4A00EBD3DB /* CoreGraphics.framework */ = {isa = PBXFileReference; lastKnownFileType = wrapper.framework; name = CoreGraphics.framework; path = System/Library/Frameworks/CoreGraphics.framework; sourceTree = SDKROOT; };
		FD01F7ED1818FD4A00EBD3DB /* UIKit.framework */ = {isa = PBXFileReference; lastKnownFileType = wrapper.framework; name = UIKit.framework; path = System/Library/Frameworks/UIKit.framework; sourceTree = SDKROOT; };
		FD01F7F11818FD4A00EBD3DB /* Hakamy-Info.plist */ = {isa = PBXFileReference; lastKnownFileType = text.plist.xml; path = "Hakamy-Info.plist"; sourceTree = "<group>"; };
		FD01F7F31818FD4A00EBD3DB /* en */ = {isa = PBXFileReference; lastKnownFileType = text.plist.strings; name = en; path = en.lproj/InfoPlist.strings; sourceTree = "<group>"; };
		FD01F7F51818FD4A00EBD3DB /* main.m */ = {isa = PBXFileReference; lastKnownFileType = sourcecode.c.objc; path = main.m; sourceTree = "<group>"; };
		FD01F7F71818FD4B00EBD3DB /* Hakamy-Prefix.pch */ = {isa = PBXFileReference; lastKnownFileType = sourcecode.c.h; path = "Hakamy-Prefix.pch"; sourceTree = "<group>"; };
		FD01F7F81818FD4B00EBD3DB /* AppDelegate.h */ = {isa = PBXFileReference; lastKnownFileType = sourcecode.c.h; path = AppDelegate.h; sourceTree = "<group>"; };
		FD01F7F91818FD4B00EBD3DB /* AppDelegate.m */ = {isa = PBXFileReference; lastKnownFileType = sourcecode.c.objc; path = AppDelegate.m; sourceTree = "<group>"; };
		FD01F7FB1818FD4B00EBD3DB /* Images.xcassets */ = {isa = PBXFileReference; lastKnownFileType = folder.assetcatalog; path = Images.xcassets; sourceTree = "<group>"; };
		FD01F8011818FD4B00EBD3DB /* HakamyTests.xctest */ = {isa = PBXFileReference; explicitFileType = wrapper.cfbundle; includeInIndex = 0; path = HakamyTests.xctest; sourceTree = BUILT_PRODUCTS_DIR; };
		FD01F8021818FD4B00EBD3DB /* XCTest.framework */ = {isa = PBXFileReference; lastKnownFileType = wrapper.framework; name = XCTest.framework; path = Library/Frameworks/XCTest.framework; sourceTree = DEVELOPER_DIR; };
		FD01F80A1818FD4B00EBD3DB /* HakamyTests-Info.plist */ = {isa = PBXFileReference; lastKnownFileType = text.plist.xml; path = "HakamyTests-Info.plist"; sourceTree = "<group>"; };
		FD01F80C1818FD4B00EBD3DB /* en */ = {isa = PBXFileReference; lastKnownFileType = text.plist.strings; name = en; path = en.lproj/InfoPlist.strings; sourceTree = "<group>"; };
		FD01F80E1818FD4B00EBD3DB /* HakamyTests.m */ = {isa = PBXFileReference; lastKnownFileType = sourcecode.c.objc; path = HakamyTests.m; sourceTree = "<group>"; };
		FD23568A182164D100887BFF /* SosialCell.h */ = {isa = PBXFileReference; fileEncoding = 4; lastKnownFileType = sourcecode.c.h; path = SosialCell.h; sourceTree = "<group>"; };
		FD23568B182164D100887BFF /* SosialCell.m */ = {isa = PBXFileReference; fileEncoding = 4; lastKnownFileType = sourcecode.c.objc; path = SosialCell.m; sourceTree = "<group>"; };
		FD23568D182164EA00887BFF /* SosialCell.xib */ = {isa = PBXFileReference; fileEncoding = 4; lastKnownFileType = file.xib; path = SosialCell.xib; sourceTree = "<group>"; };
		FD23568F1821870800887BFF /* WebviewFollow.h */ = {isa = PBXFileReference; fileEncoding = 4; lastKnownFileType = sourcecode.c.h; name = WebviewFollow.h; path = Home/WebviewFollow.h; sourceTree = "<group>"; };
		FD2356901821870800887BFF /* WebviewFollow.m */ = {isa = PBXFileReference; fileEncoding = 4; lastKnownFileType = sourcecode.c.objc; name = WebviewFollow.m; path = Home/WebviewFollow.m; sourceTree = "<group>"; };
		FD2356911821870800887BFF /* WebviewFollow.xib */ = {isa = PBXFileReference; fileEncoding = 4; lastKnownFileType = file.xib; name = WebviewFollow.xib; path = Home/WebviewFollow.xib; sourceTree = "<group>"; };
		FD23569518218BF700887BFF /* AudioButton.h */ = {isa = PBXFileReference; fileEncoding = 4; lastKnownFileType = sourcecode.c.h; path = AudioButton.h; sourceTree = "<group>"; };
		FD23569618218BF700887BFF /* AudioButton.m */ = {isa = PBXFileReference; fileEncoding = 4; lastKnownFileType = sourcecode.c.objc; path = AudioButton.m; sourceTree = "<group>"; };
		FD23569718218BF700887BFF /* AudioPlayer.h */ = {isa = PBXFileReference; fileEncoding = 4; lastKnownFileType = sourcecode.c.h; path = AudioPlayer.h; sourceTree = "<group>"; };
		FD23569818218BF700887BFF /* AudioPlayer.m */ = {isa = PBXFileReference; fileEncoding = 4; lastKnownFileType = sourcecode.c.objc; path = AudioPlayer.m; sourceTree = "<group>"; };
		FD23569918218BF700887BFF /* AudioStreamer.h */ = {isa = PBXFileReference; fileEncoding = 4; lastKnownFileType = sourcecode.c.h; path = AudioStreamer.h; sourceTree = "<group>"; };
		FD23569A18218BF700887BFF /* AudioStreamer.m */ = {isa = PBXFileReference; fileEncoding = 4; lastKnownFileType = sourcecode.c.objc; path = AudioStreamer.m; sourceTree = "<group>"; };
		FD23569C18218BF700887BFF /* loading.png */ = {isa = PBXFileReference; lastKnownFileType = image.png; path = loading.png; sourceTree = "<group>"; };
		FD23569D18218BF700887BFF /* play.png */ = {isa = PBXFileReference; lastKnownFileType = image.png; path = play.png; sourceTree = "<group>"; };
		FD23569E18218BF700887BFF /* screenshots.png */ = {isa = PBXFileReference; lastKnownFileType = image.png; path = screenshots.png; sourceTree = "<group>"; };
		FD23569F18218BF700887BFF /* stop.png */ = {isa = PBXFileReference; lastKnownFileType = image.png; path = stop.png; sourceTree = "<group>"; };
		FD2356AA1822AE5200887BFF /* Detailyoutube.h */ = {isa = PBXFileReference; fileEncoding = 4; lastKnownFileType = sourcecode.c.h; name = Detailyoutube.h; path = Youtube/Detailyoutube.h; sourceTree = "<group>"; };
		FD2356AB1822AE5200887BFF /* Detailyoutube.m */ = {isa = PBXFileReference; fileEncoding = 4; lastKnownFileType = sourcecode.c.objc; name = Detailyoutube.m; path = Youtube/Detailyoutube.m; sourceTree = "<group>"; };
		FD2356AC1822AE5200887BFF /* Detailyoutube.xib */ = {isa = PBXFileReference; fileEncoding = 4; lastKnownFileType = file.xib; name = Detailyoutube.xib; path = Youtube/Detailyoutube.xib; sourceTree = "<group>"; };
		FD2356AF1822B2FE00887BFF /* DetailInstagram.h */ = {isa = PBXFileReference; fileEncoding = 4; lastKnownFileType = sourcecode.c.h; name = DetailInstagram.h; path = Instagram/DetailInstagram.h; sourceTree = "<group>"; };
		FD2356B01822B2FE00887BFF /* DetailInstagram.m */ = {isa = PBXFileReference; fileEncoding = 4; lastKnownFileType = sourcecode.c.objc; name = DetailInstagram.m; path = Instagram/DetailInstagram.m; sourceTree = "<group>"; };
		FD2356B11822B2FE00887BFF /* DetailInstagram.xib */ = {isa = PBXFileReference; fileEncoding = 4; lastKnownFileType = file.xib; name = DetailInstagram.xib; path = Instagram/DetailInstagram.xib; sourceTree = "<group>"; };
		FD2356B51822B81F00887BFF /* MJPopupBackgroundView.h */ = {isa = PBXFileReference; fileEncoding = 4; lastKnownFileType = sourcecode.c.h; path = MJPopupBackgroundView.h; sourceTree = "<group>"; };
		FD2356B61822B81F00887BFF /* MJPopupBackgroundView.m */ = {isa = PBXFileReference; fileEncoding = 4; lastKnownFileType = sourcecode.c.objc; path = MJPopupBackgroundView.m; sourceTree = "<group>"; };
		FD2356B71822B81F00887BFF /* UIViewController+MJPopupViewController.h */ = {isa = PBXFileReference; fileEncoding = 4; lastKnownFileType = sourcecode.c.h; path = "UIViewController+MJPopupViewController.h"; sourceTree = "<group>"; };
		FD2356B81822B81F00887BFF /* UIViewController+MJPopupViewController.m */ = {isa = PBXFileReference; fileEncoding = 4; lastKnownFileType = sourcecode.c.objc; path = "UIViewController+MJPopupViewController.m"; sourceTree = "<group>"; };
		FD37142B18196C8400427858 /* HomeViewController.h */ = {isa = PBXFileReference; fileEncoding = 4; lastKnownFileType = sourcecode.c.h; name = HomeViewController.h; path = Home/HomeViewController.h; sourceTree = "<group>"; };
		FD37142C18196C8400427858 /* HomeViewController.m */ = {isa = PBXFileReference; fileEncoding = 4; lastKnownFileType = sourcecode.c.objc; name = HomeViewController.m; path = Home/HomeViewController.m; sourceTree = "<group>"; };
		FD37142D18196C8400427858 /* HomeViewController.xib */ = {isa = PBXFileReference; fileEncoding = 4; lastKnownFileType = file.xib; name = HomeViewController.xib; path = Home/HomeViewController.xib; sourceTree = "<group>"; };
		FD37143518196D5B00427858 /* RssViewController.h */ = {isa = PBXFileReference; fileEncoding = 4; lastKnownFileType = sourcecode.c.h; name = RssViewController.h; path = Rss/RssViewController.h; sourceTree = "<group>"; };
		FD37143618196D5B00427858 /* RssViewController.m */ = {isa = PBXFileReference; fileEncoding = 4; lastKnownFileType = sourcecode.c.objc; name = RssViewController.m; path = Rss/RssViewController.m; sourceTree = "<group>"; };
		FD37143718196D5B00427858 /* RssViewController.xib */ = {isa = PBXFileReference; fileEncoding = 4; lastKnownFileType = file.xib; name = RssViewController.xib; path = Rss/RssViewController.xib; sourceTree = "<group>"; };
		FD37143A18196D7200427858 /* MediaViewController.h */ = {isa = PBXFileReference; fileEncoding = 4; lastKnownFileType = sourcecode.c.h; name = MediaViewController.h; path = Media/MediaViewController.h; sourceTree = "<group>"; };
		FD37143B18196D7200427858 /* MediaViewController.m */ = {isa = PBXFileReference; fileEncoding = 4; lastKnownFileType = sourcecode.c.objc; name = MediaViewController.m; path = Media/MediaViewController.m; sourceTree = "<group>"; };
		FD37143C18196D7200427858 /* MediaViewController.xib */ = {isa = PBXFileReference; fileEncoding = 4; lastKnownFileType = file.xib; name = MediaViewController.xib; path = Media/MediaViewController.xib; sourceTree = "<group>"; };
		FD37143F18196D8E00427858 /* InstagramViewController.h */ = {isa = PBXFileReference; fileEncoding = 4; lastKnownFileType = sourcecode.c.h; name = InstagramViewController.h; path = Instagram/InstagramViewController.h; sourceTree = "<group>"; };
		FD37144018196D8E00427858 /* InstagramViewController.m */ = {isa = PBXFileReference; fileEncoding = 4; lastKnownFileType = sourcecode.c.objc; name = InstagramViewController.m; path = Instagram/InstagramViewController.m; sourceTree = "<group>"; };
		FD37144118196D8E00427858 /* InstagramViewController.xib */ = {isa = PBXFileReference; fileEncoding = 4; lastKnownFileType = file.xib; name = InstagramViewController.xib; path = Instagram/InstagramViewController.xib; sourceTree = "<group>"; };
		FD37144418196DAD00427858 /* YoutubeViewController.h */ = {isa = PBXFileReference; fileEncoding = 4; lastKnownFileType = sourcecode.c.h; name = YoutubeViewController.h; path = Youtube/YoutubeViewController.h; sourceTree = "<group>"; };
		FD37144518196DAD00427858 /* YoutubeViewController.m */ = {isa = PBXFileReference; fileEncoding = 4; lastKnownFileType = sourcecode.c.objc; name = YoutubeViewController.m; path = Youtube/YoutubeViewController.m; sourceTree = "<group>"; };
		FD37144618196DAD00427858 /* YoutubeViewController.xib */ = {isa = PBXFileReference; fileEncoding = 4; lastKnownFileType = file.xib; name = YoutubeViewController.xib; path = Youtube/YoutubeViewController.xib; sourceTree = "<group>"; };
		FD37144918196DC400427858 /* FacebookViewController.h */ = {isa = PBXFileReference; fileEncoding = 4; lastKnownFileType = sourcecode.c.h; path = FacebookViewController.h; sourceTree = "<group>"; };
		FD37144A18196DC400427858 /* FacebookViewController.m */ = {isa = PBXFileReference; fileEncoding = 4; lastKnownFileType = sourcecode.c.objc; path = FacebookViewController.m; sourceTree = "<group>"; };
		FD37144B18196DC400427858 /* FacebookViewController.xib */ = {isa = PBXFileReference; fileEncoding = 4; lastKnownFileType = file.xib; path = FacebookViewController.xib; sourceTree = "<group>"; };
		FD3714501819726600427858 /* FacingView.h */ = {isa = PBXFileReference; fileEncoding = 4; lastKnownFileType = sourcecode.c.h; path = FacingView.h; sourceTree = "<group>"; };
		FD3714511819726600427858 /* FacingView.m */ = {isa = PBXFileReference; fileEncoding = 4; lastKnownFileType = sourcecode.c.objc; path = FacingView.m; sourceTree = "<group>"; };
		FD3714521819726600427858 /* FoldView.h */ = {isa = PBXFileReference; fileEncoding = 4; lastKnownFileType = sourcecode.c.h; path = FoldView.h; sourceTree = "<group>"; };
		FD3714531819726600427858 /* FoldView.m */ = {isa = PBXFileReference; fileEncoding = 4; lastKnownFileType = sourcecode.c.objc; path = FoldView.m; sourceTree = "<group>"; };
		FD3714541819726600427858 /* MultiFoldView.h */ = {isa = PBXFileReference; fileEncoding = 4; lastKnownFileType = sourcecode.c.h; path = MultiFoldView.h; sourceTree = "<group>"; };
		FD3714551819726600427858 /* MultiFoldView.m */ = {isa = PBXFileReference; fileEncoding = 4; lastKnownFileType = sourcecode.c.objc; path = MultiFoldView.m; sourceTree = "<group>"; };
		FD3714561819726600427858 /* PaperFoldConstants.h */ = {isa = PBXFileReference; fileEncoding = 4; lastKnownFileType = sourcecode.c.h; path = PaperFoldConstants.h; sourceTree = "<group>"; };
		FD3714571819726600427858 /* PaperFoldNavigationController.h */ = {isa = PBXFileReference; fileEncoding = 4; lastKnownFileType = sourcecode.c.h; path = PaperFoldNavigationController.h; sourceTree = "<group>"; };
		FD3714581819726600427858 /* PaperFoldNavigationController.m */ = {isa = PBXFileReference; fileEncoding = 4; lastKnownFileType = sourcecode.c.objc; path = PaperFoldNavigationController.m; sourceTree = "<group>"; };
		FD3714591819726600427858 /* PaperFoldResources.bundle */ = {isa = PBXFileReference; lastKnownFileType = "wrapper.plug-in"; path = PaperFoldResources.bundle; sourceTree = "<group>"; };
		FD37145A1819726600427858 /* PaperFoldSwipeHintView.h */ = {isa = PBXFileReference; fileEncoding = 4; lastKnownFileType = sourcecode.c.h; path = PaperFoldSwipeHintView.h; sourceTree = "<group>"; };
		FD37145B1819726600427858 /* PaperFoldSwipeHintView.m */ = {isa = PBXFileReference; fileEncoding = 4; lastKnownFileType = sourcecode.c.objc; path = PaperFoldSwipeHintView.m; sourceTree = "<group>"; };
		FD37145C1819726600427858 /* PaperFoldView.h */ = {isa = PBXFileReference; fileEncoding = 4; lastKnownFileType = sourcecode.c.h; path = PaperFoldView.h; sourceTree = "<group>"; };
		FD37145D1819726600427858 /* PaperFoldView.m */ = {isa = PBXFileReference; fileEncoding = 4; lastKnownFileType = sourcecode.c.objc; path = PaperFoldView.m; sourceTree = "<group>"; };
		FD37145F1819726600427858 /* swipe_guide.psd */ = {isa = PBXFileReference; lastKnownFileType = file; path = swipe_guide.psd; sourceTree = "<group>"; };
		FD3714601819726600427858 /* swipe_guide2.psd */ = {isa = PBXFileReference; lastKnownFileType = file; path = swipe_guide2.psd; sourceTree = "<group>"; };
		FD3714611819726600427858 /* ShadowView.h */ = {isa = PBXFileReference; fileEncoding = 4; lastKnownFileType = sourcecode.c.h; path = ShadowView.h; sourceTree = "<group>"; };
		FD3714621819726600427858 /* ShadowView.m */ = {isa = PBXFileReference; fileEncoding = 4; lastKnownFileType = sourcecode.c.objc; path = ShadowView.m; sourceTree = "<group>"; };
		FD3714631819726600427858 /* TouchThroughUIView.h */ = {isa = PBXFileReference; fileEncoding = 4; lastKnownFileType = sourcecode.c.h; path = TouchThroughUIView.h; sourceTree = "<group>"; };
		FD3714641819726600427858 /* TouchThroughUIView.m */ = {isa = PBXFileReference; fileEncoding = 4; lastKnownFileType = sourcecode.c.objc; path = TouchThroughUIView.m; sourceTree = "<group>"; };
		FD3714651819726600427858 /* UIView+Screenshot.h */ = {isa = PBXFileReference; fileEncoding = 4; lastKnownFileType = sourcecode.c.h; path = "UIView+Screenshot.h"; sourceTree = "<group>"; };
		FD3714661819726600427858 /* UIView+Screenshot.m */ = {isa = PBXFileReference; fileEncoding = 4; lastKnownFileType = sourcecode.c.objc; path = "UIView+Screenshot.m"; sourceTree = "<group>"; };
		FD3714671819726600427858 /* PaperFoldMenuController.h */ = {isa = PBXFileReference; fileEncoding = 4; lastKnownFileType = sourcecode.c.h; path = PaperFoldMenuController.h; sourceTree = "<group>"; };
		FD3714681819726600427858 /* PaperFoldMenuController.m */ = {isa = PBXFileReference; fileEncoding = 4; lastKnownFileType = sourcecode.c.objc; path = PaperFoldMenuController.m; sourceTree = "<group>"; };
		FD3714691819726600427858 /* PaperFoldMenuControllerDelegate.h */ = {isa = PBXFileReference; fileEncoding = 4; lastKnownFileType = sourcecode.c.h; path = PaperFoldMenuControllerDelegate.h; sourceTree = "<group>"; };
		FD371478181979A100427858 /* MenuViewController.h */ = {isa = PBXFileReference; fileEncoding = 4; lastKnownFileType = sourcecode.c.h; name = MenuViewController.h; path = Menu/MenuViewController.h; sourceTree = "<group>"; };
		FD371479181979A100427858 /* MenuViewController.m */ = {isa = PBXFileReference; fileEncoding = 4; lastKnownFileType = sourcecode.c.objc; name = MenuViewController.m; path = Menu/MenuViewController.m; sourceTree = "<group>"; };
		FD37147A181979A100427858 /* MenuViewController.xib */ = {isa = PBXFileReference; fileEncoding = 4; lastKnownFileType = file.xib; name = MenuViewController.xib; path = Menu/MenuViewController.xib; sourceTree = "<group>"; };
		FD5C646F181E0CAB00314C56 /* Define.h */ = {isa = PBXFileReference; fileEncoding = 4; lastKnownFileType = sourcecode.c.h; name = Define.h; path = PaperFoldMenuController/Define.h; sourceTree = "<group>"; };
		FD5C6470181E0F6300314C56 /* CellRssCustom.h */ = {isa = PBXFileReference; fileEncoding = 4; lastKnownFileType = sourcecode.c.h; name = CellRssCustom.h; path = Rss/CellRssCustom.h; sourceTree = "<group>"; };
		FD5C6471181E0F6300314C56 /* CellRssCustom.m */ = {isa = PBXFileReference; fileEncoding = 4; lastKnownFileType = sourcecode.c.objc; name = CellRssCustom.m; path = Rss/CellRssCustom.m; sourceTree = "<group>"; };
		FD5C6473181E0F8700314C56 /* CellRssCustom.xib */ = {isa = PBXFileReference; fileEncoding = 4; lastKnownFileType = file.xib; name = CellRssCustom.xib; path = Rss/CellRssCustom.xib; sourceTree = "<group>"; };
		FD5C6476181E18FA00314C56 /* NSObject+SBJson.h */ = {isa = PBXFileReference; fileEncoding = 4; lastKnownFileType = sourcecode.c.h; path = "NSObject+SBJson.h"; sourceTree = "<group>"; };
		FD5C6477181E18FA00314C56 /* NSObject+SBJson.m */ = {isa = PBXFileReference; fileEncoding = 4; lastKnownFileType = sourcecode.c.objc; path = "NSObject+SBJson.m"; sourceTree = "<group>"; };
		FD5C6478181E18FA00314C56 /* SBJson.h */ = {isa = PBXFileReference; fileEncoding = 4; lastKnownFileType = sourcecode.c.h; path = SBJson.h; sourceTree = "<group>"; };
		FD5C6479181E18FA00314C56 /* SBJsonParser.h */ = {isa = PBXFileReference; fileEncoding = 4; lastKnownFileType = sourcecode.c.h; path = SBJsonParser.h; sourceTree = "<group>"; };
		FD5C647A181E18FA00314C56 /* SBJsonParser.m */ = {isa = PBXFileReference; fileEncoding = 4; lastKnownFileType = sourcecode.c.objc; path = SBJsonParser.m; sourceTree = "<group>"; };
		FD5C647B181E18FA00314C56 /* SBJsonStreamParser.h */ = {isa = PBXFileReference; fileEncoding = 4; lastKnownFileType = sourcecode.c.h; path = SBJsonStreamParser.h; sourceTree = "<group>"; };
		FD5C647C181E18FA00314C56 /* SBJsonStreamParser.m */ = {isa = PBXFileReference; fileEncoding = 4; lastKnownFileType = sourcecode.c.objc; path = SBJsonStreamParser.m; sourceTree = "<group>"; };
		FD5C647D181E18FA00314C56 /* SBJsonStreamParserAccumulator.h */ = {isa = PBXFileReference; fileEncoding = 4; lastKnownFileType = sourcecode.c.h; path = SBJsonStreamParserAccumulator.h; sourceTree = "<group>"; };
		FD5C647E181E18FA00314C56 /* SBJsonStreamParserAccumulator.m */ = {isa = PBXFileReference; fileEncoding = 4; lastKnownFileType = sourcecode.c.objc; path = SBJsonStreamParserAccumulator.m; sourceTree = "<group>"; };
		FD5C647F181E18FA00314C56 /* SBJsonStreamParserAdapter.h */ = {isa = PBXFileReference; fileEncoding = 4; lastKnownFileType = sourcecode.c.h; path = SBJsonStreamParserAdapter.h; sourceTree = "<group>"; };
		FD5C6480181E18FA00314C56 /* SBJsonStreamParserAdapter.m */ = {isa = PBXFileReference; fileEncoding = 4; lastKnownFileType = sourcecode.c.objc; path = SBJsonStreamParserAdapter.m; sourceTree = "<group>"; };
		FD5C6481181E18FA00314C56 /* SBJsonStreamParserState.h */ = {isa = PBXFileReference; fileEncoding = 4; lastKnownFileType = sourcecode.c.h; path = SBJsonStreamParserState.h; sourceTree = "<group>"; };
		FD5C6482181E18FA00314C56 /* SBJsonStreamParserState.m */ = {isa = PBXFileReference; fileEncoding = 4; lastKnownFileType = sourcecode.c.objc; path = SBJsonStreamParserState.m; sourceTree = "<group>"; };
		FD5C6483181E18FA00314C56 /* SBJsonStreamWriter.h */ = {isa = PBXFileReference; fileEncoding = 4; lastKnownFileType = sourcecode.c.h; path = SBJsonStreamWriter.h; sourceTree = "<group>"; };
		FD5C6484181E18FA00314C56 /* SBJsonStreamWriter.m */ = {isa = PBXFileReference; fileEncoding = 4; lastKnownFileType = sourcecode.c.objc; path = SBJsonStreamWriter.m; sourceTree = "<group>"; };
		FD5C6485181E18FA00314C56 /* SBJsonStreamWriterAccumulator.h */ = {isa = PBXFileReference; fileEncoding = 4; lastKnownFileType = sourcecode.c.h; path = SBJsonStreamWriterAccumulator.h; sourceTree = "<group>"; };
		FD5C6486181E18FA00314C56 /* SBJsonStreamWriterAccumulator.m */ = {isa = PBXFileReference; fileEncoding = 4; lastKnownFileType = sourcecode.c.objc; path = SBJsonStreamWriterAccumulator.m; sourceTree = "<group>"; };
		FD5C6487181E18FA00314C56 /* SBJsonStreamWriterState.h */ = {isa = PBXFileReference; fileEncoding = 4; lastKnownFileType = sourcecode.c.h; path = SBJsonStreamWriterState.h; sourceTree = "<group>"; };
		FD5C6488181E18FA00314C56 /* SBJsonStreamWriterState.m */ = {isa = PBXFileReference; fileEncoding = 4; lastKnownFileType = sourcecode.c.objc; path = SBJsonStreamWriterState.m; sourceTree = "<group>"; };
		FD5C6489181E18FA00314C56 /* SBJsonTokeniser.h */ = {isa = PBXFileReference; fileEncoding = 4; lastKnownFileType = sourcecode.c.h; path = SBJsonTokeniser.h; sourceTree = "<group>"; };
		FD5C648A181E18FA00314C56 /* SBJsonTokeniser.m */ = {isa = PBXFileReference; fileEncoding = 4; lastKnownFileType = sourcecode.c.objc; path = SBJsonTokeniser.m; sourceTree = "<group>"; };
		FD5C648B181E18FA00314C56 /* SBJsonUTF8Stream.h */ = {isa = PBXFileReference; fileEncoding = 4; lastKnownFileType = sourcecode.c.h; path = SBJsonUTF8Stream.h; sourceTree = "<group>"; };
		FD5C648C181E18FA00314C56 /* SBJsonUTF8Stream.m */ = {isa = PBXFileReference; fileEncoding = 4; lastKnownFileType = sourcecode.c.objc; path = SBJsonUTF8Stream.m; sourceTree = "<group>"; };
		FD5C648D181E18FA00314C56 /* SBJsonWriter.h */ = {isa = PBXFileReference; fileEncoding = 4; lastKnownFileType = sourcecode.c.h; path = SBJsonWriter.h; sourceTree = "<group>"; };
		FD5C648E181E18FA00314C56 /* SBJsonWriter.m */ = {isa = PBXFileReference; fileEncoding = 4; lastKnownFileType = sourcecode.c.objc; path = SBJsonWriter.m; sourceTree = "<group>"; };
		FD5C649B181E233100314C56 /* RssModel.h */ = {isa = PBXFileReference; fileEncoding = 4; lastKnownFileType = sourcecode.c.h; path = RssModel.h; sourceTree = "<group>"; };
		FD5C649C181E233100314C56 /* RssModel.m */ = {isa = PBXFileReference; fileEncoding = 4; lastKnownFileType = sourcecode.c.objc; path = RssModel.m; sourceTree = "<group>"; };
		FD5C649E181E236300314C56 /* MediaModel.h */ = {isa = PBXFileReference; fileEncoding = 4; lastKnownFileType = sourcecode.c.h; path = MediaModel.h; sourceTree = "<group>"; };
		FD5C649F181E236300314C56 /* MediaModel.m */ = {isa = PBXFileReference; fileEncoding = 4; lastKnownFileType = sourcecode.c.objc; path = MediaModel.m; sourceTree = "<group>"; };
		FD5C64A1181E419300314C56 /* IntagramModel.h */ = {isa = PBXFileReference; fileEncoding = 4; lastKnownFileType = sourcecode.c.h; path = IntagramModel.h; sourceTree = "<group>"; };
		FD5C64A2181E419300314C56 /* IntagramModel.m */ = {isa = PBXFileReference; fileEncoding = 4; lastKnownFileType = sourcecode.c.objc; path = IntagramModel.m; sourceTree = "<group>"; };
		FD5C64A4181E41AB00314C56 /* YoutubeModel.h */ = {isa = PBXFileReference; fileEncoding = 4; lastKnownFileType = sourcecode.c.h; path = YoutubeModel.h; sourceTree = "<group>"; };
		FD5C64A5181E41AB00314C56 /* YoutubeModel.m */ = {isa = PBXFileReference; fileEncoding = 4; lastKnownFileType = sourcecode.c.objc; path = YoutubeModel.m; sourceTree = "<group>"; };
		FD5C64A8181E428B00314C56 /* DejalActivityView.h */ = {isa = PBXFileReference; fileEncoding = 4; lastKnownFileType = sourcecode.c.h; path = DejalActivityView.h; sourceTree = "<group>"; };
		FD5C64A9181E428B00314C56 /* DejalActivityView.m */ = {isa = PBXFileReference; fileEncoding = 4; lastKnownFileType = sourcecode.c.objc; path = DejalActivityView.m; sourceTree = "<group>"; };
		FD5C64AB181E4B4100314C56 /* CellMedia.h */ = {isa = PBXFileReference; fileEncoding = 4; lastKnownFileType = sourcecode.c.h; name = CellMedia.h; path = Media/CellMedia.h; sourceTree = "<group>"; };
		FD5C64AC181E4B4100314C56 /* CellMedia.m */ = {isa = PBXFileReference; fileEncoding = 4; lastKnownFileType = sourcecode.c.objc; name = CellMedia.m; path = Media/CellMedia.m; sourceTree = "<group>"; };
		FD5C64AE181E4B8800314C56 /* CellMedia.xib */ = {isa = PBXFileReference; fileEncoding = 4; lastKnownFileType = file.xib; path = CellMedia.xib; sourceTree = "<group>"; };
		FD5C64CD181E5BB000314C56 /* CFNetwork.framework */ = {isa = PBXFileReference; lastKnownFileType = wrapper.framework; name = CFNetwork.framework; path = System/Library/Frameworks/CFNetwork.framework; sourceTree = SDKROOT; };
		FD5C64CF181E5BCE00314C56 /* SystemConfiguration.framework */ = {isa = PBXFileReference; lastKnownFileType = wrapper.framework; name = SystemConfiguration.framework; path = System/Library/Frameworks/SystemConfiguration.framework; sourceTree = SDKROOT; };
		FD5C64D1181E5BEA00314C56 /* StoreKit.framework */ = {isa = PBXFileReference; lastKnownFileType = wrapper.framework; name = StoreKit.framework; path = System/Library/Frameworks/StoreKit.framework; sourceTree = SDKROOT; };
		FD5C64D3181E5C7700314C56 /* Security.framework */ = {isa = PBXFileReference; lastKnownFileType = wrapper.framework; name = Security.framework; path = System/Library/Frameworks/Security.framework; sourceTree = SDKROOT; };
		FD5C64D5181E5C8000314C56 /* QuartzCore.framework */ = {isa = PBXFileReference; lastKnownFileType = wrapper.framework; name = QuartzCore.framework; path = System/Library/Frameworks/QuartzCore.framework; sourceTree = SDKROOT; };
		FD5C64D7181E5C8800314C56 /* MediaToolbox.framework */ = {isa = PBXFileReference; lastKnownFileType = wrapper.framework; name = MediaToolbox.framework; path = System/Library/Frameworks/MediaToolbox.framework; sourceTree = SDKROOT; };
		FD5C64D9181E5CAB00314C56 /* libz.dylib */ = {isa = PBXFileReference; lastKnownFileType = "compiled.mach-o.dylib"; name = libz.dylib; path = usr/lib/libz.dylib; sourceTree = SDKROOT; };
		FD5C64DB181E6B9400314C56 /* InstagramCell.h */ = {isa = PBXFileReference; fileEncoding = 4; lastKnownFileType = sourcecode.c.h; name = InstagramCell.h; path = Instagram/InstagramCell.h; sourceTree = "<group>"; };
		FD5C64DC181E6B9400314C56 /* InstagramCell.m */ = {isa = PBXFileReference; fileEncoding = 4; lastKnownFileType = sourcecode.c.objc; name = InstagramCell.m; path = Instagram/InstagramCell.m; sourceTree = "<group>"; };
		FD5C64DE181E6BAC00314C56 /* InstagramCell.xib */ = {isa = PBXFileReference; fileEncoding = 4; lastKnownFileType = file.xib; name = InstagramCell.xib; path = Instagram/InstagramCell.xib; sourceTree = "<group>"; };
		FDDD47E9181AC770004CB48E /* bg_home.png */ = {isa = PBXFileReference; lastKnownFileType = image.png; path = bg_home.png; sourceTree = "<group>"; };
		FDDD47EA181AC770004CB48E /* btn_menu.png */ = {isa = PBXFileReference; lastKnownFileType = image.png; path = btn_menu.png; sourceTree = "<group>"; };
		FDDD47EB181AC770004CB48E /* btn_social_fb.jpg */ = {isa = PBXFileReference; lastKnownFileType = image.jpeg; path = btn_social_fb.jpg; sourceTree = "<group>"; };
		FDDD47EC181AC770004CB48E /* btn_social_fb.png */ = {isa = PBXFileReference; lastKnownFileType = image.png; path = btn_social_fb.png; sourceTree = "<group>"; };
		FDDD47ED181AC770004CB48E /* btn_social_insta.jpg */ = {isa = PBXFileReference; lastKnownFileType = image.jpeg; path = btn_social_insta.jpg; sourceTree = "<group>"; };
		FDDD47EE181AC770004CB48E /* btn_social_insta.png */ = {isa = PBXFileReference; lastKnownFileType = image.png; path = btn_social_insta.png; sourceTree = "<group>"; };
		FDDD47EF181AC770004CB48E /* btn_social_tw.jpg */ = {isa = PBXFileReference; lastKnownFileType = image.jpeg; path = btn_social_tw.jpg; sourceTree = "<group>"; };
		FDDD47F0181AC770004CB48E /* btn_social_tw.png */ = {isa = PBXFileReference; lastKnownFileType = image.png; path = btn_social_tw.png; sourceTree = "<group>"; };
		FDDD47F1181AC770004CB48E /* btn_social_youtube.png */ = {isa = PBXFileReference; lastKnownFileType = image.png; path = btn_social_youtube.png; sourceTree = "<group>"; };
		FDDD47FB181ACDFC004CB48E /* bg_menu.png */ = {isa = PBXFileReference; lastKnownFileType = image.png; path = bg_menu.png; sourceTree = "<group>"; };
		FDDD47FC181ACDFC004CB48E /* btn_menu_ft.png */ = {isa = PBXFileReference; lastKnownFileType = image.png; path = btn_menu_ft.png; sourceTree = "<group>"; };
		FDDD47FD181ACDFC004CB48E /* btn_menu_insta.png */ = {isa = PBXFileReference; lastKnownFileType = image.png; path = btn_menu_insta.png; sourceTree = "<group>"; };
		FDDD47FE181ACDFC004CB48E /* btn_menu_music.png */ = {isa = PBXFileReference; lastKnownFileType = image.png; path = btn_menu_music.png; sourceTree = "<group>"; };
		FDDD47FF181ACDFC004CB48E /* btn_menu_rss.png */ = {isa = PBXFileReference; lastKnownFileType = image.png; path = btn_menu_rss.png; sourceTree = "<group>"; };
		FDDD4800181ACDFC004CB48E /* btn_menu_youtube.png */ = {isa = PBXFileReference; lastKnownFileType = image.png; path = btn_menu_youtube.png; sourceTree = "<group>"; };
		FDF6CA891820AE14007CF704 /* YoutubeCell.h */ = {isa = PBXFileReference; fileEncoding = 4; lastKnownFileType = sourcecode.c.h; name = YoutubeCell.h; path = Youtube/YoutubeCell.h; sourceTree = "<group>"; };
		FDF6CA8A1820AE14007CF704 /* YoutubeCell.m */ = {isa = PBXFileReference; fileEncoding = 4; lastKnownFileType = sourcecode.c.objc; name = YoutubeCell.m; path = Youtube/YoutubeCell.m; sourceTree = "<group>"; };
		FDF6CA8C1820AE2D007CF704 /* YoutubeCell.xib */ = {isa = PBXFileReference; fileEncoding = 4; lastKnownFileType = file.xib; name = YoutubeCell.xib; path = Youtube/YoutubeCell.xib; sourceTree = "<group>"; };
		FDF6CA8E1820C540007CF704 /* TwitterModel.h */ = {isa = PBXFileReference; fileEncoding = 4; lastKnownFileType = sourcecode.c.h; path = TwitterModel.h; sourceTree = "<group>"; };
		FDF6CA8F1820C540007CF704 /* TwitterModel.m */ = {isa = PBXFileReference; fileEncoding = 4; lastKnownFileType = sourcecode.c.objc; path = TwitterModel.m; sourceTree = "<group>"; };
		FDF6CA911820C555007CF704 /* FacebookModel.h */ = {isa = PBXFileReference; fileEncoding = 4; lastKnownFileType = sourcecode.c.h; path = FacebookModel.h; sourceTree = "<group>"; };
		FDF6CA921820C555007CF704 /* FacebookModel.m */ = {isa = PBXFileReference; fileEncoding = 4; lastKnownFileType = sourcecode.c.objc; path = FacebookModel.m; sourceTree = "<group>"; };
		FDFFB358181B61EF004A8351 /* bg_border_thumbnail_news.png */ = {isa = PBXFileReference; lastKnownFileType = image.png; path = bg_border_thumbnail_news.png; sourceTree = "<group>"; };
		FDFFB359181B61EF004A8351 /* bg_border_thumbnail_songs.png */ = {isa = PBXFileReference; lastKnownFileType = image.png; path = bg_border_thumbnail_songs.png; sourceTree = "<group>"; };
		FDFFB35A181B61EF004A8351 /* bg_cell_ft_f.png */ = {isa = PBXFileReference; lastKnownFileType = image.png; path = bg_cell_ft_f.png; sourceTree = "<group>"; };
		FDFFB35B181B61EF004A8351 /* bg_cell_lastestnews.png */ = {isa = PBXFileReference; lastKnownFileType = image.png; path = bg_cell_lastestnews.png; sourceTree = "<group>"; };
		FDFFB35C181B61EF004A8351 /* bg_cell_songs.png */ = {isa = PBXFileReference; lastKnownFileType = image.png; path = bg_cell_songs.png; sourceTree = "<group>"; };
		FDFFB35D181B61EF004A8351 /* bg_cell_youtube.png */ = {isa = PBXFileReference; lastKnownFileType = image.png; path = bg_cell_youtube.png; sourceTree = "<group>"; };
		FDFFB35E181B61EF004A8351 /* bg_inner_shadow.png */ = {isa = PBXFileReference; lastKnownFileType = image.png; path = bg_inner_shadow.png; sourceTree = "<group>"; };
		FDFFB35F181B61EF004A8351 /* bg_others.png */ = {isa = PBXFileReference; lastKnownFileType = image.png; path = bg_others.png; sourceTree = "<group>"; };
		FDFFB360181B61EF004A8351 /* bg_page_tittle_ft.png */ = {isa = PBXFileReference; lastKnownFileType = image.png; path = bg_page_tittle_ft.png; sourceTree = "<group>"; };
		FDFFB361181B61EF004A8351 /* bg_page_tittle_insta.png */ = {isa = PBXFileReference; lastKnownFileType = image.png; path = bg_page_tittle_insta.png; sourceTree = "<group>"; };
		FDFFB362181B61EF004A8351 /* bg_page_tittle_news.png */ = {isa = PBXFileReference; lastKnownFileType = image.png; path = bg_page_tittle_news.png; sourceTree = "<group>"; };
		FDFFB363181B61EF004A8351 /* bg_page_tittle_songs.png */ = {isa = PBXFileReference; lastKnownFileType = image.png; path = bg_page_tittle_songs.png; sourceTree = "<group>"; };
		FDFFB364181B61EF004A8351 /* bg_page_tittle_youtube.png */ = {isa = PBXFileReference; lastKnownFileType = image.png; path = bg_page_tittle_youtube.png; sourceTree = "<group>"; };
		FDFFB365181B61EF004A8351 /* bg_thumbnail_insta.png */ = {isa = PBXFileReference; lastKnownFileType = image.png; path = bg_thumbnail_insta.png; sourceTree = "<group>"; };
		FDFFB366181B61EF004A8351 /* bg_thumbnail_youtube.png */ = {isa = PBXFileReference; lastKnownFileType = image.png; path = bg_thumbnail_youtube.png; sourceTree = "<group>"; };
		FDFFB367181B61EF004A8351 /* bg_webviews.png */ = {isa = PBXFileReference; lastKnownFileType = image.png; path = bg_webviews.png; sourceTree = "<group>"; };
		FDFFB368181B61EF004A8351 /* btn_comment.png */ = {isa = PBXFileReference; lastKnownFileType = image.png; path = btn_comment.png; sourceTree = "<group>"; };
		FDFFB369181B61EF004A8351 /* btn_play.png */ = {isa = PBXFileReference; lastKnownFileType = image.png; path = btn_play.png; sourceTree = "<group>"; };
		FDFFB36A181B61EF004A8351 /* btn_readmore.png */ = {isa = PBXFileReference; lastKnownFileType = image.png; path = btn_readmore.png; sourceTree = "<group>"; };
		FDFFB36B181B61EF004A8351 /* btn_share.png */ = {isa = PBXFileReference; lastKnownFileType = image.png; path = btn_share.png; sourceTree = "<group>"; };
		FDFFB36D181B61EF004A8351 /* thumbnail_twitter.png */ = {isa = PBXFileReference; lastKnownFileType = image.png; path = thumbnail_twitter.png; sourceTree = "<group>"; };
		FDFFB36E181B61EF004A8351 /* thumbnail1.png */ = {isa = PBXFileReference; lastKnownFileType = image.png; path = thumbnail1.png; sourceTree = "<group>"; };
		FDFFB36F181B61EF004A8351 /* thumbnail2.png */ = {isa = PBXFileReference; lastKnownFileType = image.png; path = thumbnail2.png; sourceTree = "<group>"; };
/* End PBXFileReference section */

/* Begin PBXFrameworksBuildPhase section */
		FD01F7E31818FD4A00EBD3DB /* Frameworks */ = {
			isa = PBXFrameworksBuildPhase;
			buildActionMask = 2147483647;
			files = (
				FD5C64DA181E5CAB00314C56 /* libz.dylib in Frameworks */,
				FD5C64D8181E5C8800314C56 /* MediaToolbox.framework in Frameworks */,
				FD5C64D6181E5C8000314C56 /* QuartzCore.framework in Frameworks */,
				FD5C64D4181E5C7700314C56 /* Security.framework in Frameworks */,
				FD5C64D2181E5BEA00314C56 /* StoreKit.framework in Frameworks */,
				FD5C64D0181E5BCE00314C56 /* SystemConfiguration.framework in Frameworks */,
				FD5C64CE181E5BB000314C56 /* CFNetwork.framework in Frameworks */,
				FD01F7EC1818FD4A00EBD3DB /* CoreGraphics.framework in Frameworks */,
				FD01F7EE1818FD4A00EBD3DB /* UIKit.framework in Frameworks */,
				FD01F7EA1818FD4A00EBD3DB /* Foundation.framework in Frameworks */,
			);
			runOnlyForDeploymentPostprocessing = 0;
		};
		FD01F7FE1818FD4B00EBD3DB /* Frameworks */ = {
			isa = PBXFrameworksBuildPhase;
			buildActionMask = 2147483647;
			files = (
				FD01F8031818FD4B00EBD3DB /* XCTest.framework in Frameworks */,
				FD01F8051818FD4B00EBD3DB /* UIKit.framework in Frameworks */,
				FD01F8041818FD4B00EBD3DB /* Foundation.framework in Frameworks */,
			);
			runOnlyForDeploymentPostprocessing = 0;
		};
/* End PBXFrameworksBuildPhase section */

/* Begin PBXGroup section */
		FD01F7DD1818FD4A00EBD3DB = {
			isa = PBXGroup;
			children = (
				FD01F7EF1818FD4A00EBD3DB /* Hakamy */,
				FD01F8081818FD4B00EBD3DB /* HakamyTests */,
				FD01F7E81818FD4A00EBD3DB /* Frameworks */,
				FD01F7E71818FD4A00EBD3DB /* Products */,
			);
			sourceTree = "<group>";
		};
		FD01F7E71818FD4A00EBD3DB /* Products */ = {
			isa = PBXGroup;
			children = (
				FD01F7E61818FD4A00EBD3DB /* Hakamy.app */,
				FD01F8011818FD4B00EBD3DB /* HakamyTests.xctest */,
			);
			name = Products;
			sourceTree = "<group>";
		};
		FD01F7E81818FD4A00EBD3DB /* Frameworks */ = {
			isa = PBXGroup;
			children = (
				FD5C64D9181E5CAB00314C56 /* libz.dylib */,
				FD5C64D7181E5C8800314C56 /* MediaToolbox.framework */,
				FD5C64D5181E5C8000314C56 /* QuartzCore.framework */,
				FD5C64D3181E5C7700314C56 /* Security.framework */,
				FD5C64D1181E5BEA00314C56 /* StoreKit.framework */,
				FD5C64CF181E5BCE00314C56 /* SystemConfiguration.framework */,
				FD5C64CD181E5BB000314C56 /* CFNetwork.framework */,
				FD01F7E91818FD4A00EBD3DB /* Foundation.framework */,
				FD01F7EB1818FD4A00EBD3DB /* CoreGraphics.framework */,
				FD01F7ED1818FD4A00EBD3DB /* UIKit.framework */,
				FD01F8021818FD4B00EBD3DB /* XCTest.framework */,
			);
			name = Frameworks;
			sourceTree = "<group>";
		};
		FD01F7EF1818FD4A00EBD3DB /* Hakamy */ = {
			isa = PBXGroup;
			children = (
				FD01F81818190F2700EBD3DB /* Images */,
				FD01F81918190F2700EBD3DB /* Libs */,
				FD01F81A18190F2700EBD3DB /* Model */,
				FD01F7F81818FD4B00EBD3DB /* AppDelegate.h */,
				FD01F7F91818FD4B00EBD3DB /* AppDelegate.m */,
				FD01F81B18190F2700EBD3DB /* ViewController */,
				FD01F7FB1818FD4B00EBD3DB /* Images.xcassets */,
				FD01F7F01818FD4A00EBD3DB /* Supporting Files */,
			);
			path = Hakamy;
			sourceTree = "<group>";
		};
		FD01F7F01818FD4A00EBD3DB /* Supporting Files */ = {
			isa = PBXGroup;
			children = (
				FD01F7F11818FD4A00EBD3DB /* Hakamy-Info.plist */,
				FD01F7F21818FD4A00EBD3DB /* InfoPlist.strings */,
				FD01F7F51818FD4A00EBD3DB /* main.m */,
				FD01F7F71818FD4B00EBD3DB /* Hakamy-Prefix.pch */,
			);
			name = "Supporting Files";
			sourceTree = "<group>";
		};
		FD01F8081818FD4B00EBD3DB /* HakamyTests */ = {
			isa = PBXGroup;
			children = (
				FD01F80E1818FD4B00EBD3DB /* HakamyTests.m */,
				FD01F8091818FD4B00EBD3DB /* Supporting Files */,
			);
			path = HakamyTests;
			sourceTree = "<group>";
		};
		FD01F8091818FD4B00EBD3DB /* Supporting Files */ = {
			isa = PBXGroup;
			children = (
				FD01F80A1818FD4B00EBD3DB /* HakamyTests-Info.plist */,
				FD01F80B1818FD4B00EBD3DB /* InfoPlist.strings */,
			);
			name = "Supporting Files";
			sourceTree = "<group>";
		};
		FD01F81818190F2700EBD3DB /* Images */ = {
			isa = PBXGroup;
			children = (
				FDDD47E8181AC770004CB48E /* iOS */,
			);
			path = Images;
			sourceTree = "<group>";
		};
		FD01F81918190F2700EBD3DB /* Libs */ = {
			isa = PBXGroup;
			children = (
				FD2356B41822B81F00887BFF /* popView */,
				FD23569418218BF700887BFF /* AudioPlayer */,
				FD5C64A7181E428B00314C56 /* Loading */,
				FD5C6475181E18FA00314C56 /* Json */,
				FD5C646F181E0CAB00314C56 /* Define.h */,
				FD37144E1819726600427858 /* PaperFoldMenuController */,
			);
			path = Libs;
			sourceTree = "<group>";
		};
		FD01F81A18190F2700EBD3DB /* Model */ = {
			isa = PBXGroup;
			children = (
				FD5C649B181E233100314C56 /* RssModel.h */,
				FD5C649C181E233100314C56 /* RssModel.m */,
				FD5C649E181E236300314C56 /* MediaModel.h */,
				FD5C649F181E236300314C56 /* MediaModel.m */,
				FD5C64A1181E419300314C56 /* IntagramModel.h */,
				FD5C64A2181E419300314C56 /* IntagramModel.m */,
				FD5C64A4181E41AB00314C56 /* YoutubeModel.h */,
				FD5C64A5181E41AB00314C56 /* YoutubeModel.m */,
				FDF6CA8E1820C540007CF704 /* TwitterModel.h */,
				FDF6CA8F1820C540007CF704 /* TwitterModel.m */,
				FDF6CA911820C555007CF704 /* FacebookModel.h */,
				FDF6CA921820C555007CF704 /* FacebookModel.m */,
			);
			path = Model;
			sourceTree = "<group>";
		};
		FD01F81B18190F2700EBD3DB /* ViewController */ = {
			isa = PBXGroup;
			children = (
				FD3714771819798300427858 /* Menu */,
				FD37142A18196C6400427858 /* Home */,
				FD37143418196D3C00427858 /* Rss */,
				FD37143318196D2A00427858 /* Media */,
				FD37143218196D1D00427858 /* Instagram */,
				FD37143118196D1000427858 /* Youtube */,
				FD37143018196CEB00427858 /* Facebook */,
			);
			path = ViewController;
			sourceTree = "<group>";
		};
		FD23569418218BF700887BFF /* AudioPlayer */ = {
			isa = PBXGroup;
			children = (
				FD23569518218BF700887BFF /* AudioButton.h */,
				FD23569618218BF700887BFF /* AudioButton.m */,
				FD23569718218BF700887BFF /* AudioPlayer.h */,
				FD23569818218BF700887BFF /* AudioPlayer.m */,
				FD23569918218BF700887BFF /* AudioStreamer.h */,
				FD23569A18218BF700887BFF /* AudioStreamer.m */,
				FD23569B18218BF700887BFF /* images */,
			);
			path = AudioPlayer;
			sourceTree = "<group>";
		};
		FD23569B18218BF700887BFF /* images */ = {
			isa = PBXGroup;
			children = (
				FD23569C18218BF700887BFF /* loading.png */,
				FD23569D18218BF700887BFF /* play.png */,
				FD23569E18218BF700887BFF /* screenshots.png */,
				FD23569F18218BF700887BFF /* stop.png */,
			);
			path = images;
			sourceTree = "<group>";
		};
		FD2356B41822B81F00887BFF /* popView */ = {
			isa = PBXGroup;
			children = (
				FD2356B51822B81F00887BFF /* MJPopupBackgroundView.h */,
				FD2356B61822B81F00887BFF /* MJPopupBackgroundView.m */,
				FD2356B71822B81F00887BFF /* UIViewController+MJPopupViewController.h */,
				FD2356B81822B81F00887BFF /* UIViewController+MJPopupViewController.m */,
			);
			path = popView;
			sourceTree = "<group>";
		};
		FD37142A18196C6400427858 /* Home */ = {
			isa = PBXGroup;
			children = (
				FD37142B18196C8400427858 /* HomeViewController.h */,
				FD37142C18196C8400427858 /* HomeViewController.m */,
				FD37142D18196C8400427858 /* HomeViewController.xib */,
				FD23568F1821870800887BFF /* WebviewFollow.h */,
				FD2356901821870800887BFF /* WebviewFollow.m */,
				FD2356911821870800887BFF /* WebviewFollow.xib */,
			);
			name = Home;
			sourceTree = "<group>";
		};
		FD37143018196CEB00427858 /* Facebook */ = {
			isa = PBXGroup;
			children = (
				FD37144918196DC400427858 /* FacebookViewController.h */,
				FD37144A18196DC400427858 /* FacebookViewController.m */,
				FD37144B18196DC400427858 /* FacebookViewController.xib */,
				FD23568A182164D100887BFF /* SosialCell.h */,
				FD23568B182164D100887BFF /* SosialCell.m */,
				FD23568D182164EA00887BFF /* SosialCell.xib */,
			);
			name = Facebook;
			sourceTree = "<group>";
		};
		FD37143118196D1000427858 /* Youtube */ = {
			isa = PBXGroup;
			children = (
				FD37144418196DAD00427858 /* YoutubeViewController.h */,
				FD37144518196DAD00427858 /* YoutubeViewController.m */,
				FD37144618196DAD00427858 /* YoutubeViewController.xib */,
				FD2356AA1822AE5200887BFF /* Detailyoutube.h */,
				FD2356AB1822AE5200887BFF /* Detailyoutube.m */,
				FD2356AC1822AE5200887BFF /* Detailyoutube.xib */,
				FDF6CA891820AE14007CF704 /* YoutubeCell.h */,
				FDF6CA8A1820AE14007CF704 /* YoutubeCell.m */,
				FDF6CA8C1820AE2D007CF704 /* YoutubeCell.xib */,
			);
			name = Youtube;
			sourceTree = "<group>";
		};
		FD37143218196D1D00427858 /* Instagram */ = {
			isa = PBXGroup;
			children = (
				FD37143F18196D8E00427858 /* InstagramViewController.h */,
				FD37144018196D8E00427858 /* InstagramViewController.m */,
				FD37144118196D8E00427858 /* InstagramViewController.xib */,
				FD2356AF1822B2FE00887BFF /* DetailInstagram.h */,
				FD2356B01822B2FE00887BFF /* DetailInstagram.m */,
				FD2356B11822B2FE00887BFF /* DetailInstagram.xib */,
				FD5C64DB181E6B9400314C56 /* InstagramCell.h */,
				FD5C64DC181E6B9400314C56 /* InstagramCell.m */,
				FD5C64DE181E6BAC00314C56 /* InstagramCell.xib */,
			);
			name = Instagram;
			sourceTree = "<group>";
		};
		FD37143318196D2A00427858 /* Media */ = {
			isa = PBXGroup;
			children = (
				FD37143A18196D7200427858 /* MediaViewController.h */,
				FD37143B18196D7200427858 /* MediaViewController.m */,
				FD37143C18196D7200427858 /* MediaViewController.xib */,
				FD5C64AB181E4B4100314C56 /* CellMedia.h */,
				FD5C64AC181E4B4100314C56 /* CellMedia.m */,
				FD5C64AE181E4B8800314C56 /* CellMedia.xib */,
			);
			name = Media;
			sourceTree = "<group>";
		};
		FD37143418196D3C00427858 /* Rss */ = {
			isa = PBXGroup;
			children = (
				FD37143518196D5B00427858 /* RssViewController.h */,
				FD37143618196D5B00427858 /* RssViewController.m */,
				FD37143718196D5B00427858 /* RssViewController.xib */,
				FD5C6470181E0F6300314C56 /* CellRssCustom.h */,
				FD5C6471181E0F6300314C56 /* CellRssCustom.m */,
				FD5C6473181E0F8700314C56 /* CellRssCustom.xib */,
			);
			name = Rss;
			sourceTree = "<group>";
		};
		FD37144E1819726600427858 /* PaperFoldMenuController */ = {
			isa = PBXGroup;
			children = (
				FD37144F1819726600427858 /* PaperFold */,
				FD3714671819726600427858 /* PaperFoldMenuController.h */,
				FD3714681819726600427858 /* PaperFoldMenuController.m */,
				FD3714691819726600427858 /* PaperFoldMenuControllerDelegate.h */,
			);
			path = PaperFoldMenuController;
			sourceTree = "<group>";
		};
		FD37144F1819726600427858 /* PaperFold */ = {
			isa = PBXGroup;
			children = (
				FD3714501819726600427858 /* FacingView.h */,
				FD3714511819726600427858 /* FacingView.m */,
				FD3714521819726600427858 /* FoldView.h */,
				FD3714531819726600427858 /* FoldView.m */,
				FD3714541819726600427858 /* MultiFoldView.h */,
				FD3714551819726600427858 /* MultiFoldView.m */,
				FD3714561819726600427858 /* PaperFoldConstants.h */,
				FD3714571819726600427858 /* PaperFoldNavigationController.h */,
				FD3714581819726600427858 /* PaperFoldNavigationController.m */,
				FD3714591819726600427858 /* PaperFoldResources.bundle */,
				FD37145A1819726600427858 /* PaperFoldSwipeHintView.h */,
				FD37145B1819726600427858 /* PaperFoldSwipeHintView.m */,
				FD37145C1819726600427858 /* PaperFoldView.h */,
				FD37145D1819726600427858 /* PaperFoldView.m */,
				FD37145E1819726600427858 /* Resources */,
				FD3714611819726600427858 /* ShadowView.h */,
				FD3714621819726600427858 /* ShadowView.m */,
				FD3714631819726600427858 /* TouchThroughUIView.h */,
				FD3714641819726600427858 /* TouchThroughUIView.m */,
				FD3714651819726600427858 /* UIView+Screenshot.h */,
				FD3714661819726600427858 /* UIView+Screenshot.m */,
			);
			path = PaperFold;
			sourceTree = "<group>";
		};
		FD37145E1819726600427858 /* Resources */ = {
			isa = PBXGroup;
			children = (
				FD37145F1819726600427858 /* swipe_guide.psd */,
				FD3714601819726600427858 /* swipe_guide2.psd */,
			);
			path = Resources;
			sourceTree = "<group>";
		};
		FD3714771819798300427858 /* Menu */ = {
			isa = PBXGroup;
			children = (
				FD371478181979A100427858 /* MenuViewController.h */,
				FD371479181979A100427858 /* MenuViewController.m */,
				FD37147A181979A100427858 /* MenuViewController.xib */,
			);
			name = Menu;
			sourceTree = "<group>";
		};
		FD5C6475181E18FA00314C56 /* Json */ = {
			isa = PBXGroup;
			children = (
				FD5C6476181E18FA00314C56 /* NSObject+SBJson.h */,
				FD5C6477181E18FA00314C56 /* NSObject+SBJson.m */,
				FD5C6478181E18FA00314C56 /* SBJson.h */,
				FD5C6479181E18FA00314C56 /* SBJsonParser.h */,
				FD5C647A181E18FA00314C56 /* SBJsonParser.m */,
				FD5C647B181E18FA00314C56 /* SBJsonStreamParser.h */,
				FD5C647C181E18FA00314C56 /* SBJsonStreamParser.m */,
				FD5C647D181E18FA00314C56 /* SBJsonStreamParserAccumulator.h */,
				FD5C647E181E18FA00314C56 /* SBJsonStreamParserAccumulator.m */,
				FD5C647F181E18FA00314C56 /* SBJsonStreamParserAdapter.h */,
				FD5C6480181E18FA00314C56 /* SBJsonStreamParserAdapter.m */,
				FD5C6481181E18FA00314C56 /* SBJsonStreamParserState.h */,
				FD5C6482181E18FA00314C56 /* SBJsonStreamParserState.m */,
				FD5C6483181E18FA00314C56 /* SBJsonStreamWriter.h */,
				FD5C6484181E18FA00314C56 /* SBJsonStreamWriter.m */,
				FD5C6485181E18FA00314C56 /* SBJsonStreamWriterAccumulator.h */,
				FD5C6486181E18FA00314C56 /* SBJsonStreamWriterAccumulator.m */,
				FD5C6487181E18FA00314C56 /* SBJsonStreamWriterState.h */,
				FD5C6488181E18FA00314C56 /* SBJsonStreamWriterState.m */,
				FD5C6489181E18FA00314C56 /* SBJsonTokeniser.h */,
				FD5C648A181E18FA00314C56 /* SBJsonTokeniser.m */,
				FD5C648B181E18FA00314C56 /* SBJsonUTF8Stream.h */,
				FD5C648C181E18FA00314C56 /* SBJsonUTF8Stream.m */,
				FD5C648D181E18FA00314C56 /* SBJsonWriter.h */,
				FD5C648E181E18FA00314C56 /* SBJsonWriter.m */,
			);
			path = Json;
			sourceTree = "<group>";
		};
		FD5C64A7181E428B00314C56 /* Loading */ = {
			isa = PBXGroup;
			children = (
				FD5C64A8181E428B00314C56 /* DejalActivityView.h */,
				FD5C64A9181E428B00314C56 /* DejalActivityView.m */,
			);
			path = Loading;
			sourceTree = "<group>";
		};
		FDDD47E8181AC770004CB48E /* iOS */ = {
			isa = PBXGroup;
			children = (
				FDFFB358181B61EF004A8351 /* bg_border_thumbnail_news.png */,
				FDFFB359181B61EF004A8351 /* bg_border_thumbnail_songs.png */,
				FDFFB35A181B61EF004A8351 /* bg_cell_ft_f.png */,
				FDFFB35B181B61EF004A8351 /* bg_cell_lastestnews.png */,
				FDFFB35C181B61EF004A8351 /* bg_cell_songs.png */,
				FDFFB35D181B61EF004A8351 /* bg_cell_youtube.png */,
				FDFFB35E181B61EF004A8351 /* bg_inner_shadow.png */,
				FDFFB35F181B61EF004A8351 /* bg_others.png */,
				FDFFB360181B61EF004A8351 /* bg_page_tittle_ft.png */,
				FDFFB361181B61EF004A8351 /* bg_page_tittle_insta.png */,
				FDFFB362181B61EF004A8351 /* bg_page_tittle_news.png */,
				FDFFB363181B61EF004A8351 /* bg_page_tittle_songs.png */,
				FDFFB364181B61EF004A8351 /* bg_page_tittle_youtube.png */,
				FDFFB365181B61EF004A8351 /* bg_thumbnail_insta.png */,
				FDFFB366181B61EF004A8351 /* bg_thumbnail_youtube.png */,
				FDFFB367181B61EF004A8351 /* bg_webviews.png */,
				FDFFB368181B61EF004A8351 /* btn_comment.png */,
				FDFFB369181B61EF004A8351 /* btn_play.png */,
				FDFFB36A181B61EF004A8351 /* btn_readmore.png */,
				FDFFB36B181B61EF004A8351 /* btn_share.png */,
				FDFFB36D181B61EF004A8351 /* thumbnail_twitter.png */,
				FDFFB36E181B61EF004A8351 /* thumbnail1.png */,
				FDFFB36F181B61EF004A8351 /* thumbnail2.png */,
				FDDD47FB181ACDFC004CB48E /* bg_menu.png */,
				FDDD47FC181ACDFC004CB48E /* btn_menu_ft.png */,
				FDDD47FD181ACDFC004CB48E /* btn_menu_insta.png */,
				FDDD47FE181ACDFC004CB48E /* btn_menu_music.png */,
				FDDD47FF181ACDFC004CB48E /* btn_menu_rss.png */,
				FDDD4800181ACDFC004CB48E /* btn_menu_youtube.png */,
				FDDD47E9181AC770004CB48E /* bg_home.png */,
				FDDD47EA181AC770004CB48E /* btn_menu.png */,
				FDDD47EB181AC770004CB48E /* btn_social_fb.jpg */,
				FDDD47EC181AC770004CB48E /* btn_social_fb.png */,
				FDDD47ED181AC770004CB48E /* btn_social_insta.jpg */,
				FDDD47EE181AC770004CB48E /* btn_social_insta.png */,
				FDDD47EF181AC770004CB48E /* btn_social_tw.jpg */,
				FDDD47F0181AC770004CB48E /* btn_social_tw.png */,
				FDDD47F1181AC770004CB48E /* btn_social_youtube.png */,
			);
			path = iOS;
			sourceTree = "<group>";
		};
/* End PBXGroup section */

/* Begin PBXNativeTarget section */
		FD01F7E51818FD4A00EBD3DB /* Hakamy */ = {
			isa = PBXNativeTarget;
			buildConfigurationList = FD01F8121818FD4B00EBD3DB /* Build configuration list for PBXNativeTarget "Hakamy" */;
			buildPhases = (
				FD01F7E21818FD4A00EBD3DB /* Sources */,
				FD01F7E31818FD4A00EBD3DB /* Frameworks */,
				FD01F7E41818FD4A00EBD3DB /* Resources */,
			);
			buildRules = (
			);
			dependencies = (
			);
			name = Hakamy;
			productName = Hakamy;
			productReference = FD01F7E61818FD4A00EBD3DB /* Hakamy.app */;
			productType = "com.apple.product-type.application";
		};
		FD01F8001818FD4B00EBD3DB /* HakamyTests */ = {
			isa = PBXNativeTarget;
			buildConfigurationList = FD01F8151818FD4B00EBD3DB /* Build configuration list for PBXNativeTarget "HakamyTests" */;
			buildPhases = (
				FD01F7FD1818FD4B00EBD3DB /* Sources */,
				FD01F7FE1818FD4B00EBD3DB /* Frameworks */,
				FD01F7FF1818FD4B00EBD3DB /* Resources */,
			);
			buildRules = (
			);
			dependencies = (
				FD01F8071818FD4B00EBD3DB /* PBXTargetDependency */,
			);
			name = HakamyTests;
			productName = HakamyTests;
			productReference = FD01F8011818FD4B00EBD3DB /* HakamyTests.xctest */;
			productType = "com.apple.product-type.bundle.unit-test";
		};
/* End PBXNativeTarget section */

/* Begin PBXProject section */
		FD01F7DE1818FD4A00EBD3DB /* Project object */ = {
			isa = PBXProject;
			attributes = {
				LastUpgradeCheck = 0500;
				ORGANIZATIONNAME = "Ha Cong Thuan";
				TargetAttributes = {
					FD01F8001818FD4B00EBD3DB = {
						TestTargetID = FD01F7E51818FD4A00EBD3DB;
					};
				};
			};
			buildConfigurationList = FD01F7E11818FD4A00EBD3DB /* Build configuration list for PBXProject "Hakamy" */;
			compatibilityVersion = "Xcode 3.2";
			developmentRegion = English;
			hasScannedForEncodings = 0;
			knownRegions = (
				en,
			);
			mainGroup = FD01F7DD1818FD4A00EBD3DB;
			productRefGroup = FD01F7E71818FD4A00EBD3DB /* Products */;
			projectDirPath = "";
			projectRoot = "";
			targets = (
				FD01F7E51818FD4A00EBD3DB /* Hakamy */,
				FD01F8001818FD4B00EBD3DB /* HakamyTests */,
			);
		};
/* End PBXProject section */

/* Begin PBXResourcesBuildPhase section */
		FD01F7E41818FD4A00EBD3DB /* Resources */ = {
			isa = PBXResourcesBuildPhase;
			buildActionMask = 2147483647;
			files = (
				FDFFB383181B61EF004A8351 /* btn_share.png in Resources */,
				FDFFB380181B61EF004A8351 /* btn_comment.png in Resources */,
				FDDD47FA181AC770004CB48E /* btn_social_youtube.png in Resources */,
				FD5C64DF181E6BAC00314C56 /* InstagramCell.xib in Resources */,
				FDDD47F4181AC770004CB48E /* btn_social_fb.jpg in Resources */,
				FDFFB37A181B61EF004A8351 /* bg_page_tittle_news.png in Resources */,
				FD2356AE1822AE5200887BFF /* Detailyoutube.xib in Resources */,
				FDFFB37C181B61EF004A8351 /* bg_page_tittle_youtube.png in Resources */,
				FDFFB37B181B61EF004A8351 /* bg_page_tittle_songs.png in Resources */,
				FDFFB37F181B61EF004A8351 /* bg_webviews.png in Resources */,
				FDDD4804181ACDFC004CB48E /* btn_menu_music.png in Resources */,
				FDFFB377181B61EF004A8351 /* bg_others.png in Resources */,
				FD01F7F41818FD4A00EBD3DB /* InfoPlist.strings in Resources */,
				FDFFB373181B61EF004A8351 /* bg_cell_lastestnews.png in Resources */,
				FD2356A518218BF700887BFF /* screenshots.png in Resources */,
				FD23568E182164EA00887BFF /* SosialCell.xib in Resources */,
				FDFFB370181B61EF004A8351 /* bg_border_thumbnail_news.png in Resources */,
				FDDD4803181ACDFC004CB48E /* btn_menu_insta.png in Resources */,
				FDDD4801181ACDFC004CB48E /* bg_menu.png in Resources */,
				FD37144818196DAD00427858 /* YoutubeViewController.xib in Resources */,
				FD3714711819726600427858 /* swipe_guide.psd in Resources */,
				FDFFB385181B61EF004A8351 /* thumbnail_twitter.png in Resources */,
				FDFFB378181B61EF004A8351 /* bg_page_tittle_ft.png in Resources */,
				FDFFB382181B61EF004A8351 /* btn_readmore.png in Resources */,
				FD37143918196D5B00427858 /* RssViewController.xib in Resources */,
				FDDD47F8181AC770004CB48E /* btn_social_tw.jpg in Resources */,
				FDFFB387181B61EF004A8351 /* thumbnail2.png in Resources */,
				FD37143E18196D7200427858 /* MediaViewController.xib in Resources */,
				FD37144D18196DC400427858 /* FacebookViewController.xib in Resources */,
				FDDD47F9181AC770004CB48E /* btn_social_tw.png in Resources */,
				FD5C64AF181E4B8800314C56 /* CellMedia.xib in Resources */,
				FD37144318196D8E00427858 /* InstagramViewController.xib in Resources */,
				FD2356A318218BF700887BFF /* loading.png in Resources */,
				FD2356B31822B2FE00887BFF /* DetailInstagram.xib in Resources */,
				FDDD47F2181AC770004CB48E /* bg_home.png in Resources */,
				FDDD47F7181AC770004CB48E /* btn_social_insta.png in Resources */,
				FDF6CA8D1820AE2D007CF704 /* YoutubeCell.xib in Resources */,
				FDFFB381181B61EF004A8351 /* btn_play.png in Resources */,
				FDDD4806181ACDFC004CB48E /* btn_menu_youtube.png in Resources */,
				FDDD47F5181AC770004CB48E /* btn_social_fb.png in Resources */,
				FD37147C181979A100427858 /* MenuViewController.xib in Resources */,
				FDFFB379181B61EF004A8351 /* bg_page_tittle_insta.png in Resources */,
				FD2356931821870800887BFF /* WebviewFollow.xib in Resources */,
				FD2356A618218BF700887BFF /* stop.png in Resources */,
				FDFFB374181B61EF004A8351 /* bg_cell_songs.png in Resources */,
				FD3714721819726600427858 /* swipe_guide2.psd in Resources */,
				FD37146E1819726600427858 /* PaperFoldResources.bundle in Resources */,
				FD2356A418218BF700887BFF /* play.png in Resources */,
				FDDD47F3181AC770004CB48E /* btn_menu.png in Resources */,
				FD37142F18196C8400427858 /* HomeViewController.xib in Resources */,
				FDDD4805181ACDFC004CB48E /* btn_menu_rss.png in Resources */,
				FDFFB386181B61EF004A8351 /* thumbnail1.png in Resources */,
				FDFFB376181B61EF004A8351 /* bg_inner_shadow.png in Resources */,
				FDFFB372181B61EF004A8351 /* bg_cell_ft_f.png in Resources */,
				FDFFB371181B61EF004A8351 /* bg_border_thumbnail_songs.png in Resources */,
				FDDD47F6181AC770004CB48E /* btn_social_insta.jpg in Resources */,
				FDFFB37E181B61EF004A8351 /* bg_thumbnail_youtube.png in Resources */,
				FD5C6474181E0F8700314C56 /* CellRssCustom.xib in Resources */,
				FDDD4802181ACDFC004CB48E /* btn_menu_ft.png in Resources */,
				FDFFB37D181B61EF004A8351 /* bg_thumbnail_insta.png in Resources */,
				FDFFB375181B61EF004A8351 /* bg_cell_youtube.png in Resources */,
				FD01F7FC1818FD4B00EBD3DB /* Images.xcassets in Resources */,
			);
			runOnlyForDeploymentPostprocessing = 0;
		};
		FD01F7FF1818FD4B00EBD3DB /* Resources */ = {
			isa = PBXResourcesBuildPhase;
			buildActionMask = 2147483647;
			files = (
				FD01F80D1818FD4B00EBD3DB /* InfoPlist.strings in Resources */,
			);
			runOnlyForDeploymentPostprocessing = 0;
		};
/* End PBXResourcesBuildPhase section */

/* Begin PBXSourcesBuildPhase section */
		FD01F7E21818FD4A00EBD3DB /* Sources */ = {
			isa = PBXSourcesBuildPhase;
			buildActionMask = 2147483647;
			files = (
				FD3714761819726600427858 /* PaperFoldMenuController.m in Sources */,
				FD5C64A3181E419300314C56 /* IntagramModel.m in Sources */,
				FD5C6493181E18FA00314C56 /* SBJsonStreamParserAdapter.m in Sources */,
				FD5C6472181E0F6300314C56 /* CellRssCustom.m in Sources */,
				FD5C64DD181E6B9400314C56 /* InstagramCell.m in Sources */,
				FDF6CA8B1820AE14007CF704 /* YoutubeCell.m in Sources */,
				FD5C6492181E18FA00314C56 /* SBJsonStreamParserAccumulator.m in Sources */,
				FD01F7FA1818FD4B00EBD3DB /* AppDelegate.m in Sources */,
				FD5C64AD181E4B4100314C56 /* CellMedia.m in Sources */,
				FD3714751819726600427858 /* UIView+Screenshot.m in Sources */,
				FD2356921821870800887BFF /* WebviewFollow.m in Sources */,
				FD2356A018218BF700887BFF /* AudioButton.m in Sources */,
				FDF6CA901820C540007CF704 /* TwitterModel.m in Sources */,
				FD37143D18196D7200427858 /* MediaViewController.m in Sources */,
				FD37147B181979A100427858 /* MenuViewController.m in Sources */,
				FD37144C18196DC400427858 /* FacebookViewController.m in Sources */,
				FD5C6491181E18FA00314C56 /* SBJsonStreamParser.m in Sources */,
				FD5C6496181E18FA00314C56 /* SBJsonStreamWriterAccumulator.m in Sources */,
				FD5C6498181E18FA00314C56 /* SBJsonTokeniser.m in Sources */,
				FD5C6495181E18FA00314C56 /* SBJsonStreamWriter.m in Sources */,
				FD2356BA1822B81F00887BFF /* UIViewController+MJPopupViewController.m in Sources */,
				FD3714731819726600427858 /* ShadowView.m in Sources */,
				FD37143818196D5B00427858 /* RssViewController.m in Sources */,
				FD37146C1819726600427858 /* MultiFoldView.m in Sources */,
				FDF6CA931820C555007CF704 /* FacebookModel.m in Sources */,
				FD37146F1819726600427858 /* PaperFoldSwipeHintView.m in Sources */,
				FD5C64AA181E428B00314C56 /* DejalActivityView.m in Sources */,
				FD2356AD1822AE5200887BFF /* Detailyoutube.m in Sources */,
				FD5C6497181E18FA00314C56 /* SBJsonStreamWriterState.m in Sources */,
				FD3714701819726600427858 /* PaperFoldView.m in Sources */,
				FD5C6494181E18FA00314C56 /* SBJsonStreamParserState.m in Sources */,
				FD2356A218218BF700887BFF /* AudioStreamer.m in Sources */,
				FD37146A1819726600427858 /* FacingView.m in Sources */,
				FD5C649A181E18FA00314C56 /* SBJsonWriter.m in Sources */,
				FD5C648F181E18FA00314C56 /* NSObject+SBJson.m in Sources */,
				FD01F7F61818FD4B00EBD3DB /* main.m in Sources */,
				FD5C649D181E233100314C56 /* RssModel.m in Sources */,
				FD5C6490181E18FA00314C56 /* SBJsonParser.m in Sources */,
				FD2356A118218BF700887BFF /* AudioPlayer.m in Sources */,
				FD37142E18196C8400427858 /* HomeViewController.m in Sources */,
				FD37146B1819726600427858 /* FoldView.m in Sources */,
				FD5C6499181E18FA00314C56 /* SBJsonUTF8Stream.m in Sources */,
				FD3714741819726600427858 /* TouchThroughUIView.m in Sources */,
				FD5C64A0181E236300314C56 /* MediaModel.m in Sources */,
				FD37144718196DAD00427858 /* YoutubeViewController.m in Sources */,
				FD2356B91822B81F00887BFF /* MJPopupBackgroundView.m in Sources */,
				FD2356B21822B2FE00887BFF /* DetailInstagram.m in Sources */,
				FD37144218196D8E00427858 /* InstagramViewController.m in Sources */,
				FD37146D1819726600427858 /* PaperFoldNavigationController.m in Sources */,
				FD5C64A6181E41AB00314C56 /* YoutubeModel.m in Sources */,
				FD23568C182164D100887BFF /* SosialCell.m in Sources */,
			);
			runOnlyForDeploymentPostprocessing = 0;
		};
		FD01F7FD1818FD4B00EBD3DB /* Sources */ = {
			isa = PBXSourcesBuildPhase;
			buildActionMask = 2147483647;
			files = (
				FD01F80F1818FD4B00EBD3DB /* HakamyTests.m in Sources */,
			);
			runOnlyForDeploymentPostprocessing = 0;
		};
/* End PBXSourcesBuildPhase section */

/* Begin PBXTargetDependency section */
		FD01F8071818FD4B00EBD3DB /* PBXTargetDependency */ = {
			isa = PBXTargetDependency;
			target = FD01F7E51818FD4A00EBD3DB /* Hakamy */;
			targetProxy = FD01F8061818FD4B00EBD3DB /* PBXContainerItemProxy */;
		};
/* End PBXTargetDependency section */

/* Begin PBXVariantGroup section */
		FD01F7F21818FD4A00EBD3DB /* InfoPlist.strings */ = {
			isa = PBXVariantGroup;
			children = (
				FD01F7F31818FD4A00EBD3DB /* en */,
			);
			name = InfoPlist.strings;
			sourceTree = "<group>";
		};
		FD01F80B1818FD4B00EBD3DB /* InfoPlist.strings */ = {
			isa = PBXVariantGroup;
			children = (
				FD01F80C1818FD4B00EBD3DB /* en */,
			);
			name = InfoPlist.strings;
			sourceTree = "<group>";
		};
/* End PBXVariantGroup section */

/* Begin XCBuildConfiguration section */
		FD01F8101818FD4B00EBD3DB /* Debug */ = {
			isa = XCBuildConfiguration;
			buildSettings = {
				ALWAYS_SEARCH_USER_PATHS = NO;
				ARCHS = "$(ARCHS_STANDARD_INCLUDING_64_BIT)";
				CLANG_CXX_LANGUAGE_STANDARD = "gnu++0x";
				CLANG_CXX_LIBRARY = "libc++";
				CLANG_ENABLE_MODULES = YES;
				CLANG_ENABLE_OBJC_ARC = YES;
				CLANG_WARN_BOOL_CONVERSION = YES;
				CLANG_WARN_CONSTANT_CONVERSION = YES;
				CLANG_WARN_DIRECT_OBJC_ISA_USAGE = YES_ERROR;
				CLANG_WARN_EMPTY_BODY = YES;
				CLANG_WARN_ENUM_CONVERSION = YES;
				CLANG_WARN_INT_CONVERSION = YES;
				CLANG_WARN_OBJC_ROOT_CLASS = YES_ERROR;
				CLANG_WARN__DUPLICATE_METHOD_MATCH = YES;
				"CODE_SIGN_IDENTITY[sdk=iphoneos*]" = "iPhone Developer";
				COPY_PHASE_STRIP = NO;
				GCC_C_LANGUAGE_STANDARD = gnu99;
				GCC_DYNAMIC_NO_PIC = NO;
				GCC_OPTIMIZATION_LEVEL = 0;
				GCC_PREPROCESSOR_DEFINITIONS = (
					"DEBUG=1",
					"$(inherited)",
				);
				GCC_SYMBOLS_PRIVATE_EXTERN = NO;
				GCC_WARN_64_TO_32_BIT_CONVERSION = YES;
				GCC_WARN_ABOUT_RETURN_TYPE = YES_ERROR;
				GCC_WARN_UNDECLARED_SELECTOR = YES;
				GCC_WARN_UNINITIALIZED_AUTOS = YES;
				GCC_WARN_UNUSED_FUNCTION = YES;
				GCC_WARN_UNUSED_VARIABLE = YES;
				IPHONEOS_DEPLOYMENT_TARGET = 5.0;
				ONLY_ACTIVE_ARCH = YES;
				SDKROOT = iphoneos;
			};
			name = Debug;
		};
		FD01F8111818FD4B00EBD3DB /* Release */ = {
			isa = XCBuildConfiguration;
			buildSettings = {
				ALWAYS_SEARCH_USER_PATHS = NO;
				ARCHS = "$(ARCHS_STANDARD_INCLUDING_64_BIT)";
				CLANG_CXX_LANGUAGE_STANDARD = "gnu++0x";
				CLANG_CXX_LIBRARY = "libc++";
				CLANG_ENABLE_MODULES = YES;
				CLANG_ENABLE_OBJC_ARC = YES;
				CLANG_WARN_BOOL_CONVERSION = YES;
				CLANG_WARN_CONSTANT_CONVERSION = YES;
				CLANG_WARN_DIRECT_OBJC_ISA_USAGE = YES_ERROR;
				CLANG_WARN_EMPTY_BODY = YES;
				CLANG_WARN_ENUM_CONVERSION = YES;
				CLANG_WARN_INT_CONVERSION = YES;
				CLANG_WARN_OBJC_ROOT_CLASS = YES_ERROR;
				CLANG_WARN__DUPLICATE_METHOD_MATCH = YES;
				"CODE_SIGN_IDENTITY[sdk=iphoneos*]" = "iPhone Developer";
				COPY_PHASE_STRIP = YES;
				ENABLE_NS_ASSERTIONS = NO;
				GCC_C_LANGUAGE_STANDARD = gnu99;
				GCC_WARN_64_TO_32_BIT_CONVERSION = YES;
				GCC_WARN_ABOUT_RETURN_TYPE = YES_ERROR;
				GCC_WARN_UNDECLARED_SELECTOR = YES;
				GCC_WARN_UNINITIALIZED_AUTOS = YES;
				GCC_WARN_UNUSED_FUNCTION = YES;
				GCC_WARN_UNUSED_VARIABLE = YES;
				IPHONEOS_DEPLOYMENT_TARGET = 5.0;
				SDKROOT = iphoneos;
				VALIDATE_PRODUCT = YES;
			};
			name = Release;
		};
		FD01F8131818FD4B00EBD3DB /* Debug */ = {
			isa = XCBuildConfiguration;
			buildSettings = {
				ARCHS = "$(ARCHS_STANDARD)";
				ASSETCATALOG_COMPILER_APPICON_NAME = AppIcon;
				ASSETCATALOG_COMPILER_LAUNCHIMAGE_NAME = LaunchImage;
				CODE_SIGN_IDENTITY = "iPhone Developer: Hoai Nam (RUAGWWHKR2)";
				GCC_PRECOMPILE_PREFIX_HEADER = YES;
				GCC_PREFIX_HEADER = "Hakamy/Hakamy-Prefix.pch";
				INFOPLIST_FILE = "Hakamy/Hakamy-Info.plist";
				PRODUCT_NAME = "$(TARGET_NAME)";
				PROVISIONING_PROFILE = "1FC960F4-1925-497B-A9B5-3F4E346E16D5";
				WRAPPER_EXTENSION = app;
			};
			name = Debug;
		};
		FD01F8141818FD4B00EBD3DB /* Release */ = {
			isa = XCBuildConfiguration;
			buildSettings = {
				ARCHS = "$(ARCHS_STANDARD)";
				ASSETCATALOG_COMPILER_APPICON_NAME = AppIcon;
				ASSETCATALOG_COMPILER_LAUNCHIMAGE_NAME = LaunchImage;
				CODE_SIGN_IDENTITY = "iPhone Developer: Hoai Nam (RUAGWWHKR2)";
				GCC_PRECOMPILE_PREFIX_HEADER = YES;
				GCC_PREFIX_HEADER = "Hakamy/Hakamy-Prefix.pch";
				INFOPLIST_FILE = "Hakamy/Hakamy-Info.plist";
				PRODUCT_NAME = "$(TARGET_NAME)";
				PROVISIONING_PROFILE = "1FC960F4-1925-497B-A9B5-3F4E346E16D5";
				WRAPPER_EXTENSION = app;
			};
			name = Release;
		};
		FD01F8161818FD4B00EBD3DB /* Debug */ = {
			isa = XCBuildConfiguration;
			buildSettings = {
				ARCHS = "$(ARCHS_STANDARD_INCLUDING_64_BIT)";
				BUNDLE_LOADER = "$(BUILT_PRODUCTS_DIR)/Hakamy.app/Hakamy";
				FRAMEWORK_SEARCH_PATHS = (
					"$(SDKROOT)/Developer/Library/Frameworks",
					"$(inherited)",
					"$(DEVELOPER_FRAMEWORKS_DIR)",
				);
				GCC_PRECOMPILE_PREFIX_HEADER = YES;
				GCC_PREFIX_HEADER = "Hakamy/Hakamy-Prefix.pch";
				GCC_PREPROCESSOR_DEFINITIONS = (
					"DEBUG=1",
					"$(inherited)",
				);
				INFOPLIST_FILE = "HakamyTests/HakamyTests-Info.plist";
				PRODUCT_NAME = "$(TARGET_NAME)";
				TEST_HOST = "$(BUNDLE_LOADER)";
				WRAPPER_EXTENSION = xctest;
			};
			name = Debug;
		};
		FD01F8171818FD4B00EBD3DB /* Release */ = {
			isa = XCBuildConfiguration;
			buildSettings = {
				ARCHS = "$(ARCHS_STANDARD_INCLUDING_64_BIT)";
				BUNDLE_LOADER = "$(BUILT_PRODUCTS_DIR)/Hakamy.app/Hakamy";
				FRAMEWORK_SEARCH_PATHS = (
					"$(SDKROOT)/Developer/Library/Frameworks",
					"$(inherited)",
					"$(DEVELOPER_FRAMEWORKS_DIR)",
				);
				GCC_PRECOMPILE_PREFIX_HEADER = YES;
				GCC_PREFIX_HEADER = "Hakamy/Hakamy-Prefix.pch";
				INFOPLIST_FILE = "HakamyTests/HakamyTests-Info.plist";
				PRODUCT_NAME = "$(TARGET_NAME)";
				TEST_HOST = "$(BUNDLE_LOADER)";
				WRAPPER_EXTENSION = xctest;
			};
			name = Release;
		};
/* End XCBuildConfiguration section */

/* Begin XCConfigurationList section */
		FD01F7E11818FD4A00EBD3DB /* Build configuration list for PBXProject "Hakamy" */ = {
			isa = XCConfigurationList;
			buildConfigurations = (
				FD01F8101818FD4B00EBD3DB /* Debug */,
				FD01F8111818FD4B00EBD3DB /* Release */,
			);
			defaultConfigurationIsVisible = 0;
			defaultConfigurationName = Release;
		};
		FD01F8121818FD4B00EBD3DB /* Build configuration list for PBXNativeTarget "Hakamy" */ = {
			isa = XCConfigurationList;
			buildConfigurations = (
				FD01F8131818FD4B00EBD3DB /* Debug */,
				FD01F8141818FD4B00EBD3DB /* Release */,
			);
			defaultConfigurationIsVisible = 0;
			defaultConfigurationName = Release;
		};
		FD01F8151818FD4B00EBD3DB /* Build configuration list for PBXNativeTarget "HakamyTests" */ = {
			isa = XCConfigurationList;
			buildConfigurations = (
				FD01F8161818FD4B00EBD3DB /* Debug */,
				FD01F8171818FD4B00EBD3DB /* Release */,
			);
			defaultConfigurationIsVisible = 0;
			defaultConfigurationName = Release;
		};
/* End XCConfigurationList section */
	};
	rootObject = FD01F7DE1818FD4A00EBD3DB /* Project object */;
}
